// !$*UTF8*$!
{
	archiveVersion = 1;
	classes = {
	};
	objectVersion = 56;
	objects = {

/* Begin PBXBuildFile section */
		43778FF30978F9FE3ED8315E /* Pods_Remindify.framework in Frameworks */ = {isa = PBXBuildFile; fileRef = 06DB01B93FAC04BDE761FA73 /* Pods_Remindify.framework */; };
		D716CCC72AF7D7010002FB7E /* HomeReminderTableViewController.swift in Sources */ = {isa = PBXBuildFile; fileRef = D716CCC62AF7D7010002FB7E /* HomeReminderTableViewController.swift */; };
		D73701122B0CAA7E00AE082F /* FirebaseService.swift in Sources */ = {isa = PBXBuildFile; fileRef = D73701112B0CAA7E00AE082F /* FirebaseService.swift */; };
		D75250522AF8E6B600B6C264 /* ReminderModel.swift in Sources */ = {isa = PBXBuildFile; fileRef = D75250512AF8E6B600B6C264 /* ReminderModel.swift */; };
		D75250542AF8EED600B6C264 /* AddReminderViewController.swift in Sources */ = {isa = PBXBuildFile; fileRef = D75250532AF8EED600B6C264 /* AddReminderViewController.swift */; };
		D7B2FADE2AFE761200F48441 /* Sounds in Resources */ = {isa = PBXBuildFile; fileRef = D7B2FADD2AFE761200F48441 /* Sounds */; };
		D7B711FD2AF505E400424557 /* AppDelegate.swift in Sources */ = {isa = PBXBuildFile; fileRef = D7B711FC2AF505E400424557 /* AppDelegate.swift */; };
		D7B711FF2AF505E400424557 /* SceneDelegate.swift in Sources */ = {isa = PBXBuildFile; fileRef = D7B711FE2AF505E400424557 /* SceneDelegate.swift */; };
		D7B712012AF505E400424557 /* LoginViewController.swift in Sources */ = {isa = PBXBuildFile; fileRef = D7B712002AF505E400424557 /* LoginViewController.swift */; };
		D7B712042AF505E400424557 /* Main.storyboard in Resources */ = {isa = PBXBuildFile; fileRef = D7B712022AF505E400424557 /* Main.storyboard */; };
		D7B712062AF505E500424557 /* Assets.xcassets in Resources */ = {isa = PBXBuildFile; fileRef = D7B712052AF505E500424557 /* Assets.xcassets */; };
		D7B712142AF5091E00424557 /* SignupViewController.swift in Sources */ = {isa = PBXBuildFile; fileRef = D7B712132AF5091E00424557 /* SignupViewController.swift */; };
		D7B712162AF5094E00424557 /* ProfileViewController.swift in Sources */ = {isa = PBXBuildFile; fileRef = D7B712152AF5094E00424557 /* ProfileViewController.swift */; };
		D7B712182AF5095F00424557 /* PasswordViewController.swift in Sources */ = {isa = PBXBuildFile; fileRef = D7B712172AF5095F00424557 /* PasswordViewController.swift */; };
		D7B712232AF5226A00424557 /* GoogleService-Info.plist in Resources */ = {isa = PBXBuildFile; fileRef = D7B712222AF5226A00424557 /* GoogleService-Info.plist */; };
		D7C8F2072AFC035B00740B36 /* CritterAnimatable.swift in Sources */ = {isa = PBXBuildFile; fileRef = D7C8F2042AFC035B00740B36 /* CritterAnimatable.swift */; };
		D7C8F2082AFC035B00740B36 /* CritterAssets.swift in Sources */ = {isa = PBXBuildFile; fileRef = D7C8F2052AFC035B00740B36 /* CritterAssets.swift */; };
		D7C8F2092AFC035B00740B36 /* CritterView.swift in Sources */ = {isa = PBXBuildFile; fileRef = D7C8F2062AFC035B00740B36 /* CritterView.swift */; };
		D7C8F20D2AFC03C300740B36 /* Degree.swift in Sources */ = {isa = PBXBuildFile; fileRef = D7C8F20A2AFC03C300740B36 /* Degree.swift */; };
		D7C8F20E2AFC03C300740B36 /* CATransform3D+Helper.swift in Sources */ = {isa = PBXBuildFile; fileRef = D7C8F20B2AFC03C300740B36 /* CATransform3D+Helper.swift */; };
		D7C8F20F2AFC03C300740B36 /* UIColors+ColorPallete.swift in Sources */ = {isa = PBXBuildFile; fileRef = D7C8F20C2AFC03C300740B36 /* UIColors+ColorPallete.swift */; };
		D7C8F21D2AFC03F100740B36 /* Mouth.swift in Sources */ = {isa = PBXBuildFile; fileRef = D7C8F2102AFC03F000740B36 /* Mouth.swift */; };
		D7C8F21E2AFC03F100740B36 /* RightEarMask.swift in Sources */ = {isa = PBXBuildFile; fileRef = D7C8F2112AFC03F000740B36 /* RightEarMask.swift */; };
		D7C8F21F2AFC03F100740B36 /* RightArm.swift in Sources */ = {isa = PBXBuildFile; fileRef = D7C8F2122AFC03F000740B36 /* RightArm.swift */; };
		D7C8F2202AFC03F100740B36 /* Muzzle.swift in Sources */ = {isa = PBXBuildFile; fileRef = D7C8F2132AFC03F000740B36 /* Muzzle.swift */; };
		D7C8F2212AFC03F100740B36 /* Body.swift in Sources */ = {isa = PBXBuildFile; fileRef = D7C8F2142AFC03F000740B36 /* Body.swift */; };
		D7C8F2222AFC03F100740B36 /* RightEar.swift in Sources */ = {isa = PBXBuildFile; fileRef = D7C8F2152AFC03F000740B36 /* RightEar.swift */; };
		D7C8F2232AFC03F100740B36 /* LeftEar.swift in Sources */ = {isa = PBXBuildFile; fileRef = D7C8F2162AFC03F000740B36 /* LeftEar.swift */; };
		D7C8F2242AFC03F100740B36 /* LeftArm.swift in Sources */ = {isa = PBXBuildFile; fileRef = D7C8F2172AFC03F000740B36 /* LeftArm.swift */; };
		D7C8F2252AFC03F100740B36 /* LeftEarMask.swift in Sources */ = {isa = PBXBuildFile; fileRef = D7C8F2182AFC03F000740B36 /* LeftEarMask.swift */; };
		D7C8F2262AFC03F100740B36 /* LeftEye.swift in Sources */ = {isa = PBXBuildFile; fileRef = D7C8F2192AFC03F000740B36 /* LeftEye.swift */; };
		D7C8F2272AFC03F100740B36 /* RightEye.swift in Sources */ = {isa = PBXBuildFile; fileRef = D7C8F21A2AFC03F100740B36 /* RightEye.swift */; };
		D7C8F2282AFC03F100740B36 /* Head.swift in Sources */ = {isa = PBXBuildFile; fileRef = D7C8F21B2AFC03F100740B36 /* Head.swift */; };
		D7C8F2292AFC03F100740B36 /* Nose.swift in Sources */ = {isa = PBXBuildFile; fileRef = D7C8F21C2AFC03F100740B36 /* Nose.swift */; };
		D7CC98452AFF11370085B63F /* EditReminderViewController.swift in Sources */ = {isa = PBXBuildFile; fileRef = D7CC98442AFF11370085B63F /* EditReminderViewController.swift */; };
/* End PBXBuildFile section */

/* Begin PBXFileReference section */
		06DB01B93FAC04BDE761FA73 /* Pods_Remindify.framework */ = {isa = PBXFileReference; explicitFileType = wrapper.framework; includeInIndex = 0; path = Pods_Remindify.framework; sourceTree = BUILT_PRODUCTS_DIR; };
		64CED0FED67C3C92370201E0 /* Pods-Remindify.release.xcconfig */ = {isa = PBXFileReference; includeInIndex = 1; lastKnownFileType = text.xcconfig; name = "Pods-Remindify.release.xcconfig"; path = "Target Support Files/Pods-Remindify/Pods-Remindify.release.xcconfig"; sourceTree = "<group>"; };
		9682E0D6FC77C55789529C66 /* Pods-Remindify.debug.xcconfig */ = {isa = PBXFileReference; includeInIndex = 1; lastKnownFileType = text.xcconfig; name = "Pods-Remindify.debug.xcconfig"; path = "Target Support Files/Pods-Remindify/Pods-Remindify.debug.xcconfig"; sourceTree = "<group>"; };
		D716CCC62AF7D7010002FB7E /* HomeReminderTableViewController.swift */ = {isa = PBXFileReference; lastKnownFileType = sourcecode.swift; path = HomeReminderTableViewController.swift; sourceTree = "<group>"; };
		D73701112B0CAA7E00AE082F /* FirebaseService.swift */ = {isa = PBXFileReference; lastKnownFileType = sourcecode.swift; path = FirebaseService.swift; sourceTree = "<group>"; };
		D75250512AF8E6B600B6C264 /* ReminderModel.swift */ = {isa = PBXFileReference; lastKnownFileType = sourcecode.swift; path = ReminderModel.swift; sourceTree = "<group>"; };
		D75250532AF8EED600B6C264 /* AddReminderViewController.swift */ = {isa = PBXFileReference; lastKnownFileType = sourcecode.swift; path = AddReminderViewController.swift; sourceTree = "<group>"; };
		D7B2FADD2AFE761200F48441 /* Sounds */ = {isa = PBXFileReference; lastKnownFileType = folder; path = Sounds; sourceTree = "<group>"; };
		D7B711F92AF505E400424557 /* Remindify.app */ = {isa = PBXFileReference; explicitFileType = wrapper.application; includeInIndex = 0; path = Remindify.app; sourceTree = BUILT_PRODUCTS_DIR; };
		D7B711FC2AF505E400424557 /* AppDelegate.swift */ = {isa = PBXFileReference; lastKnownFileType = sourcecode.swift; path = AppDelegate.swift; sourceTree = "<group>"; };
		D7B711FE2AF505E400424557 /* SceneDelegate.swift */ = {isa = PBXFileReference; lastKnownFileType = sourcecode.swift; path = SceneDelegate.swift; sourceTree = "<group>"; };
		D7B712002AF505E400424557 /* LoginViewController.swift */ = {isa = PBXFileReference; lastKnownFileType = sourcecode.swift; path = LoginViewController.swift; sourceTree = "<group>"; };
		D7B712032AF505E400424557 /* Base */ = {isa = PBXFileReference; lastKnownFileType = file.storyboard; name = Base; path = Base.lproj/Main.storyboard; sourceTree = "<group>"; };
		D7B712052AF505E500424557 /* Assets.xcassets */ = {isa = PBXFileReference; lastKnownFileType = folder.assetcatalog; path = Assets.xcassets; sourceTree = "<group>"; };
		D7B7120A2AF505E500424557 /* Info.plist */ = {isa = PBXFileReference; lastKnownFileType = text.plist.xml; path = Info.plist; sourceTree = "<group>"; };
		D7B712132AF5091E00424557 /* SignupViewController.swift */ = {isa = PBXFileReference; lastKnownFileType = sourcecode.swift; path = SignupViewController.swift; sourceTree = "<group>"; };
		D7B712152AF5094E00424557 /* ProfileViewController.swift */ = {isa = PBXFileReference; lastKnownFileType = sourcecode.swift; path = ProfileViewController.swift; sourceTree = "<group>"; };
		D7B712172AF5095F00424557 /* PasswordViewController.swift */ = {isa = PBXFileReference; lastKnownFileType = sourcecode.swift; path = PasswordViewController.swift; sourceTree = "<group>"; };
		D7B712222AF5226A00424557 /* GoogleService-Info.plist */ = {isa = PBXFileReference; fileEncoding = 4; lastKnownFileType = text.plist.xml; path = "GoogleService-Info.plist"; sourceTree = "<group>"; };
		D7C8F2042AFC035B00740B36 /* CritterAnimatable.swift */ = {isa = PBXFileReference; fileEncoding = 4; lastKnownFileType = sourcecode.swift; path = CritterAnimatable.swift; sourceTree = "<group>"; };
		D7C8F2052AFC035B00740B36 /* CritterAssets.swift */ = {isa = PBXFileReference; fileEncoding = 4; lastKnownFileType = sourcecode.swift; path = CritterAssets.swift; sourceTree = "<group>"; };
		D7C8F2062AFC035B00740B36 /* CritterView.swift */ = {isa = PBXFileReference; fileEncoding = 4; lastKnownFileType = sourcecode.swift; path = CritterView.swift; sourceTree = "<group>"; };
		D7C8F20A2AFC03C300740B36 /* Degree.swift */ = {isa = PBXFileReference; fileEncoding = 4; lastKnownFileType = sourcecode.swift; path = Degree.swift; sourceTree = "<group>"; };
		D7C8F20B2AFC03C300740B36 /* CATransform3D+Helper.swift */ = {isa = PBXFileReference; fileEncoding = 4; lastKnownFileType = sourcecode.swift; path = "CATransform3D+Helper.swift"; sourceTree = "<group>"; };
		D7C8F20C2AFC03C300740B36 /* UIColors+ColorPallete.swift */ = {isa = PBXFileReference; fileEncoding = 4; lastKnownFileType = sourcecode.swift; path = "UIColors+ColorPallete.swift"; sourceTree = "<group>"; };
		D7C8F2102AFC03F000740B36 /* Mouth.swift */ = {isa = PBXFileReference; fileEncoding = 4; lastKnownFileType = sourcecode.swift; path = Mouth.swift; sourceTree = "<group>"; };
		D7C8F2112AFC03F000740B36 /* RightEarMask.swift */ = {isa = PBXFileReference; fileEncoding = 4; lastKnownFileType = sourcecode.swift; path = RightEarMask.swift; sourceTree = "<group>"; };
		D7C8F2122AFC03F000740B36 /* RightArm.swift */ = {isa = PBXFileReference; fileEncoding = 4; lastKnownFileType = sourcecode.swift; path = RightArm.swift; sourceTree = "<group>"; };
		D7C8F2132AFC03F000740B36 /* Muzzle.swift */ = {isa = PBXFileReference; fileEncoding = 4; lastKnownFileType = sourcecode.swift; path = Muzzle.swift; sourceTree = "<group>"; };
		D7C8F2142AFC03F000740B36 /* Body.swift */ = {isa = PBXFileReference; fileEncoding = 4; lastKnownFileType = sourcecode.swift; path = Body.swift; sourceTree = "<group>"; };
		D7C8F2152AFC03F000740B36 /* RightEar.swift */ = {isa = PBXFileReference; fileEncoding = 4; lastKnownFileType = sourcecode.swift; path = RightEar.swift; sourceTree = "<group>"; };
		D7C8F2162AFC03F000740B36 /* LeftEar.swift */ = {isa = PBXFileReference; fileEncoding = 4; lastKnownFileType = sourcecode.swift; path = LeftEar.swift; sourceTree = "<group>"; };
		D7C8F2172AFC03F000740B36 /* LeftArm.swift */ = {isa = PBXFileReference; fileEncoding = 4; lastKnownFileType = sourcecode.swift; path = LeftArm.swift; sourceTree = "<group>"; };
		D7C8F2182AFC03F000740B36 /* LeftEarMask.swift */ = {isa = PBXFileReference; fileEncoding = 4; lastKnownFileType = sourcecode.swift; path = LeftEarMask.swift; sourceTree = "<group>"; };
		D7C8F2192AFC03F000740B36 /* LeftEye.swift */ = {isa = PBXFileReference; fileEncoding = 4; lastKnownFileType = sourcecode.swift; path = LeftEye.swift; sourceTree = "<group>"; };
		D7C8F21A2AFC03F100740B36 /* RightEye.swift */ = {isa = PBXFileReference; fileEncoding = 4; lastKnownFileType = sourcecode.swift; path = RightEye.swift; sourceTree = "<group>"; };
		D7C8F21B2AFC03F100740B36 /* Head.swift */ = {isa = PBXFileReference; fileEncoding = 4; lastKnownFileType = sourcecode.swift; path = Head.swift; sourceTree = "<group>"; };
		D7C8F21C2AFC03F100740B36 /* Nose.swift */ = {isa = PBXFileReference; fileEncoding = 4; lastKnownFileType = sourcecode.swift; path = Nose.swift; sourceTree = "<group>"; };
		D7CC98442AFF11370085B63F /* EditReminderViewController.swift */ = {isa = PBXFileReference; lastKnownFileType = sourcecode.swift; name = EditReminderViewController.swift; path = Remindify/Views/EditReminderViewController.swift; sourceTree = SOURCE_ROOT; };
/* End PBXFileReference section */

/* Begin PBXFrameworksBuildPhase section */
		D7B711F62AF505E400424557 /* Frameworks */ = {
			isa = PBXFrameworksBuildPhase;
			buildActionMask = 2147483647;
			files = (
				43778FF30978F9FE3ED8315E /* Pods_Remindify.framework in Frameworks */,
			);
			runOnlyForDeploymentPostprocessing = 0;
		};
/* End PBXFrameworksBuildPhase section */

/* Begin PBXGroup section */
		62FF1BE2F4DBFC591D04EB88 /* Pods */ = {
			isa = PBXGroup;
			children = (
				9682E0D6FC77C55789529C66 /* Pods-Remindify.debug.xcconfig */,
				64CED0FED67C3C92370201E0 /* Pods-Remindify.release.xcconfig */,
			);
			path = Pods;
			sourceTree = "<group>";
		};
		BAF235DF05DF1804D2006AF4 /* Frameworks */ = {
			isa = PBXGroup;
			children = (
				06DB01B93FAC04BDE761FA73 /* Pods_Remindify.framework */,
			);
			name = Frameworks;
			sourceTree = "<group>";
		};
		D73701132B0CAA8400AE082F /* NetworkLayer */ = {
			isa = PBXGroup;
			children = (
				D73701112B0CAA7E00AE082F /* FirebaseService.swift */,
			);
			path = NetworkLayer;
			sourceTree = "<group>";
		};
		D7460B082B0510A400D677BD /* AppDelegate */ = {
			isa = PBXGroup;
			children = (
				D7B711FC2AF505E400424557 /* AppDelegate.swift */,
				D7B711FE2AF505E400424557 /* SceneDelegate.swift */,
			);
			path = AppDelegate;
			sourceTree = "<group>";
		};
		D7B711F02AF505E400424557 = {
			isa = PBXGroup;
			children = (
				D7B711FB2AF505E400424557 /* Remindify */,
				D7B711FA2AF505E400424557 /* Products */,
				62FF1BE2F4DBFC591D04EB88 /* Pods */,
				BAF235DF05DF1804D2006AF4 /* Frameworks */,
			);
			sourceTree = "<group>";
		};
		D7B711FA2AF505E400424557 /* Products */ = {
			isa = PBXGroup;
			children = (
				D7B711F92AF505E400424557 /* Remindify.app */,
			);
			name = Products;
			sourceTree = "<group>";
		};
		D7B711FB2AF505E400424557 /* Remindify */ = {
			isa = PBXGroup;
			children = (
				D7460B082B0510A400D677BD /* AppDelegate */,
				D73701132B0CAA8400AE082F /* NetworkLayer */,
				D7B712112AF5061A00424557 /* Views */,
				D7B712102AF505FC00424557 /* Controllers */,
				D7B712122AF5062300424557 /* Models */,
				D7B712052AF505E500424557 /* Assets.xcassets */,
				D7B2FADD2AFE761200F48441 /* Sounds */,
				D7B7120A2AF505E500424557 /* Info.plist */,
				D7B712222AF5226A00424557 /* GoogleService-Info.plist */,
			);
			path = Remindify;
			sourceTree = "<group>";
		};
		D7B712102AF505FC00424557 /* Controllers */ = {
			isa = PBXGroup;
			children = (
				D7CC98462AFF11530085B63F /* Parts */,
				D7B712002AF505E400424557 /* LoginViewController.swift */,
				D7B712132AF5091E00424557 /* SignupViewController.swift */,
				D716CCC62AF7D7010002FB7E /* HomeReminderTableViewController.swift */,
				D75250532AF8EED600B6C264 /* AddReminderViewController.swift */,
				D7CC98442AFF11370085B63F /* EditReminderViewController.swift */,
				D7B712152AF5094E00424557 /* ProfileViewController.swift */,
				D7B712172AF5095F00424557 /* PasswordViewController.swift */,
			);
			path = Controllers;
			sourceTree = "<group>";
		};
		D7B712112AF5061A00424557 /* Views */ = {
			isa = PBXGroup;
			children = (
				D7B712022AF505E400424557 /* Main.storyboard */,
			);
			path = Views;
			sourceTree = "<group>";
		};
		D7B712122AF5062300424557 /* Models */ = {
			isa = PBXGroup;
			children = (
				D75250512AF8E6B600B6C264 /* ReminderModel.swift */,
			);
			path = Models;
			sourceTree = "<group>";
		};
		D7CC98462AFF11530085B63F /* Parts */ = {
			isa = PBXGroup;
			children = (
				D7CC98472AFF11690085B63F /* Helpers */,
				D7C8F2142AFC03F000740B36 /* Body.swift */,
				D7C8F21B2AFC03F100740B36 /* Head.swift */,
				D7C8F2172AFC03F000740B36 /* LeftArm.swift */,
				D7C8F2162AFC03F000740B36 /* LeftEar.swift */,
				D7C8F2182AFC03F000740B36 /* LeftEarMask.swift */,
				D7C8F2192AFC03F000740B36 /* LeftEye.swift */,
				D7C8F2102AFC03F000740B36 /* Mouth.swift */,
				D7C8F2132AFC03F000740B36 /* Muzzle.swift */,
				D7C8F21C2AFC03F100740B36 /* Nose.swift */,
				D7C8F2122AFC03F000740B36 /* RightArm.swift */,
				D7C8F2152AFC03F000740B36 /* RightEar.swift */,
				D7C8F2112AFC03F000740B36 /* RightEarMask.swift */,
				D7C8F21A2AFC03F100740B36 /* RightEye.swift */,
			);
			path = Parts;
			sourceTree = "<group>";
		};
		D7CC98472AFF11690085B63F /* Helpers */ = {
			isa = PBXGroup;
			children = (
				D7C8F20B2AFC03C300740B36 /* CATransform3D+Helper.swift */,
				D7C8F20A2AFC03C300740B36 /* Degree.swift */,
				D7C8F20C2AFC03C300740B36 /* UIColors+ColorPallete.swift */,
				D7C8F2042AFC035B00740B36 /* CritterAnimatable.swift */,
				D7C8F2052AFC035B00740B36 /* CritterAssets.swift */,
				D7C8F2062AFC035B00740B36 /* CritterView.swift */,
			);
			path = Helpers;
			sourceTree = "<group>";
		};
/* End PBXGroup section */

/* Begin PBXNativeTarget section */
		D7B711F82AF505E400424557 /* Remindify */ = {
			isa = PBXNativeTarget;
			buildConfigurationList = D7B7120D2AF505E500424557 /* Build configuration list for PBXNativeTarget "Remindify" */;
			buildPhases = (
				7D7BAD16588E6C1B1A059826 /* [CP] Check Pods Manifest.lock */,
				D7B711F52AF505E400424557 /* Sources */,
				D7B711F62AF505E400424557 /* Frameworks */,
				D7B711F72AF505E400424557 /* Resources */,
				BFFAB662B22C87B69BB4037E /* [CP] Embed Pods Frameworks */,
			);
			buildRules = (
			);
			dependencies = (
			);
			name = Remindify;
			packageProductDependencies = (
			);
			productName = Remindify;
			productReference = D7B711F92AF505E400424557 /* Remindify.app */;
			productType = "com.apple.product-type.application";
		};
/* End PBXNativeTarget section */

/* Begin PBXProject section */
		D7B711F12AF505E400424557 /* Project object */ = {
			isa = PBXProject;
			attributes = {
				BuildIndependentTargetsInParallel = 1;
				LastSwiftUpdateCheck = 1420;
				LastUpgradeCheck = 1420;
				TargetAttributes = {
					D7B711F82AF505E400424557 = {
						CreatedOnToolsVersion = 14.2;
					};
				};
			};
			buildConfigurationList = D7B711F42AF505E400424557 /* Build configuration list for PBXProject "Remindify" */;
			compatibilityVersion = "Xcode 14.0";
			developmentRegion = en;
			hasScannedForEncodings = 0;
			knownRegions = (
				en,
				Base,
			);
			mainGroup = D7B711F02AF505E400424557;
			packageReferences = (
			);
			productRefGroup = D7B711FA2AF505E400424557 /* Products */;
			projectDirPath = "";
			projectRoot = "";
			targets = (
				D7B711F82AF505E400424557 /* Remindify */,
			);
		};
/* End PBXProject section */

/* Begin PBXResourcesBuildPhase section */
		D7B711F72AF505E400424557 /* Resources */ = {
			isa = PBXResourcesBuildPhase;
			buildActionMask = 2147483647;
			files = (
				D7B2FADE2AFE761200F48441 /* Sounds in Resources */,
				D7B712232AF5226A00424557 /* GoogleService-Info.plist in Resources */,
				D7B712062AF505E500424557 /* Assets.xcassets in Resources */,
				D7B712042AF505E400424557 /* Main.storyboard in Resources */,
			);
			runOnlyForDeploymentPostprocessing = 0;
		};
/* End PBXResourcesBuildPhase section */

/* Begin PBXShellScriptBuildPhase section */
		7D7BAD16588E6C1B1A059826 /* [CP] Check Pods Manifest.lock */ = {
			isa = PBXShellScriptBuildPhase;
			buildActionMask = 2147483647;
			files = (
			);
			inputFileListPaths = (
			);
			inputPaths = (
				"${PODS_PODFILE_DIR_PATH}/Podfile.lock",
				"${PODS_ROOT}/Manifest.lock",
			);
			name = "[CP] Check Pods Manifest.lock";
			outputFileListPaths = (
			);
			outputPaths = (
				"$(DERIVED_FILE_DIR)/Pods-Remindify-checkManifestLockResult.txt",
			);
			runOnlyForDeploymentPostprocessing = 0;
			shellPath = /bin/sh;
			shellScript = "diff \"${PODS_PODFILE_DIR_PATH}/Podfile.lock\" \"${PODS_ROOT}/Manifest.lock\" > /dev/null\nif [ $? != 0 ] ; then\n    # print error to STDERR\n    echo \"error: The sandbox is not in sync with the Podfile.lock. Run 'pod install' or update your CocoaPods installation.\" >&2\n    exit 1\nfi\n# This output is used by Xcode 'outputs' to avoid re-running this script phase.\necho \"SUCCESS\" > \"${SCRIPT_OUTPUT_FILE_0}\"\n";
			showEnvVarsInLog = 0;
		};
		BFFAB662B22C87B69BB4037E /* [CP] Embed Pods Frameworks */ = {
			isa = PBXShellScriptBuildPhase;
			buildActionMask = 2147483647;
			files = (
			);
			inputFileListPaths = (
				"${PODS_ROOT}/Target Support Files/Pods-Remindify/Pods-Remindify-frameworks-${CONFIGURATION}-input-files.xcfilelist",
			);
			name = "[CP] Embed Pods Frameworks";
			outputFileListPaths = (
				"${PODS_ROOT}/Target Support Files/Pods-Remindify/Pods-Remindify-frameworks-${CONFIGURATION}-output-files.xcfilelist",
			);
			runOnlyForDeploymentPostprocessing = 0;
			shellPath = /bin/sh;
			shellScript = "\"${PODS_ROOT}/Target Support Files/Pods-Remindify/Pods-Remindify-frameworks.sh\"\n";
			showEnvVarsInLog = 0;
		};
/* End PBXShellScriptBuildPhase section */

/* Begin PBXSourcesBuildPhase section */
		D7B711F52AF505E400424557 /* Sources */ = {
			isa = PBXSourcesBuildPhase;
			buildActionMask = 2147483647;
			files = (
				D7CC98452AFF11370085B63F /* EditReminderViewController.swift in Sources */,
				D7C8F2222AFC03F100740B36 /* RightEar.swift in Sources */,
				D7B712012AF505E400424557 /* LoginViewController.swift in Sources */,
				D7C8F20D2AFC03C300740B36 /* Degree.swift in Sources */,
				D7C8F2082AFC035B00740B36 /* CritterAssets.swift in Sources */,
				D7C8F21D2AFC03F100740B36 /* Mouth.swift in Sources */,
				D7C8F2242AFC03F100740B36 /* LeftArm.swift in Sources */,
				D7C8F2272AFC03F100740B36 /* RightEye.swift in Sources */,
				D7C8F2262AFC03F100740B36 /* LeftEye.swift in Sources */,
				D7C8F20E2AFC03C300740B36 /* CATransform3D+Helper.swift in Sources */,
				D7C8F2072AFC035B00740B36 /* CritterAnimatable.swift in Sources */,
				D7C8F2292AFC03F100740B36 /* Nose.swift in Sources */,
				D7B711FD2AF505E400424557 /* AppDelegate.swift in Sources */,
				D7C8F2202AFC03F100740B36 /* Muzzle.swift in Sources */,
				D7B712162AF5094E00424557 /* ProfileViewController.swift in Sources */,
				D7C8F20F2AFC03C300740B36 /* UIColors+ColorPallete.swift in Sources */,
				D73701122B0CAA7E00AE082F /* FirebaseService.swift in Sources */,
				D7C8F21F2AFC03F100740B36 /* RightArm.swift in Sources */,
				D7B712142AF5091E00424557 /* SignupViewController.swift in Sources */,
				D7B711FF2AF505E400424557 /* SceneDelegate.swift in Sources */,
				D75250522AF8E6B600B6C264 /* ReminderModel.swift in Sources */,
				D7C8F2282AFC03F100740B36 /* Head.swift in Sources */,
				D7C8F2092AFC035B00740B36 /* CritterView.swift in Sources */,
				D716CCC72AF7D7010002FB7E /* HomeReminderTableViewController.swift in Sources */,
				D75250542AF8EED600B6C264 /* AddReminderViewController.swift in Sources */,
				D7C8F2252AFC03F100740B36 /* LeftEarMask.swift in Sources */,
				D7C8F21E2AFC03F100740B36 /* RightEarMask.swift in Sources */,
				D7B712182AF5095F00424557 /* PasswordViewController.swift in Sources */,
				D7C8F2212AFC03F100740B36 /* Body.swift in Sources */,
				D7C8F2232AFC03F100740B36 /* LeftEar.swift in Sources */,
			);
			runOnlyForDeploymentPostprocessing = 0;
		};
/* End PBXSourcesBuildPhase section */

/* Begin PBXVariantGroup section */
		D7B712022AF505E400424557 /* Main.storyboard */ = {
			isa = PBXVariantGroup;
			children = (
				D7B712032AF505E400424557 /* Base */,
			);
			name = Main.storyboard;
			sourceTree = "<group>";
		};
/* End PBXVariantGroup section */

/* Begin XCBuildConfiguration section */
		D7B7120B2AF505E500424557 /* Debug */ = {
			isa = XCBuildConfiguration;
			buildSettings = {
				ALWAYS_SEARCH_USER_PATHS = NO;
				CLANG_ANALYZER_NONNULL = YES;
				CLANG_ANALYZER_NUMBER_OBJECT_CONVERSION = YES_AGGRESSIVE;
				CLANG_CXX_LANGUAGE_STANDARD = "gnu++20";
				CLANG_ENABLE_MODULES = YES;
				CLANG_ENABLE_OBJC_ARC = YES;
				CLANG_ENABLE_OBJC_WEAK = YES;
				CLANG_WARN_BLOCK_CAPTURE_AUTORELEASING = YES;
				CLANG_WARN_BOOL_CONVERSION = YES;
				CLANG_WARN_COMMA = YES;
				CLANG_WARN_CONSTANT_CONVERSION = YES;
				CLANG_WARN_DEPRECATED_OBJC_IMPLEMENTATIONS = YES;
				CLANG_WARN_DIRECT_OBJC_ISA_USAGE = YES_ERROR;
				CLANG_WARN_DOCUMENTATION_COMMENTS = YES;
				CLANG_WARN_EMPTY_BODY = YES;
				CLANG_WARN_ENUM_CONVERSION = YES;
				CLANG_WARN_INFINITE_RECURSION = YES;
				CLANG_WARN_INT_CONVERSION = YES;
				CLANG_WARN_NON_LITERAL_NULL_CONVERSION = YES;
				CLANG_WARN_OBJC_IMPLICIT_RETAIN_SELF = YES;
				CLANG_WARN_OBJC_LITERAL_CONVERSION = YES;
				CLANG_WARN_OBJC_ROOT_CLASS = YES_ERROR;
				CLANG_WARN_QUOTED_INCLUDE_IN_FRAMEWORK_HEADER = YES;
				CLANG_WARN_RANGE_LOOP_ANALYSIS = YES;
				CLANG_WARN_STRICT_PROTOTYPES = YES;
				CLANG_WARN_SUSPICIOUS_MOVE = YES;
				CLANG_WARN_UNGUARDED_AVAILABILITY = YES_AGGRESSIVE;
				CLANG_WARN_UNREACHABLE_CODE = YES;
				CLANG_WARN__DUPLICATE_METHOD_MATCH = YES;
				COPY_PHASE_STRIP = NO;
				DEBUG_INFORMATION_FORMAT = dwarf;
				ENABLE_STRICT_OBJC_MSGSEND = YES;
				ENABLE_TESTABILITY = YES;
				GCC_C_LANGUAGE_STANDARD = gnu11;
				GCC_DYNAMIC_NO_PIC = NO;
				GCC_NO_COMMON_BLOCKS = YES;
				GCC_OPTIMIZATION_LEVEL = 0;
				GCC_PREPROCESSOR_DEFINITIONS = (
					"DEBUG=1",
					"$(inherited)",
				);
				GCC_WARN_64_TO_32_BIT_CONVERSION = YES;
				GCC_WARN_ABOUT_RETURN_TYPE = YES_ERROR;
				GCC_WARN_UNDECLARED_SELECTOR = YES;
				GCC_WARN_UNINITIALIZED_AUTOS = YES_AGGRESSIVE;
				GCC_WARN_UNUSED_FUNCTION = YES;
				GCC_WARN_UNUSED_VARIABLE = YES;
				IPHONEOS_DEPLOYMENT_TARGET = 16.2;
				MTL_ENABLE_DEBUG_INFO = INCLUDE_SOURCE;
				MTL_FAST_MATH = YES;
				ONLY_ACTIVE_ARCH = YES;
				SDKROOT = iphoneos;
				SWIFT_ACTIVE_COMPILATION_CONDITIONS = DEBUG;
				SWIFT_OPTIMIZATION_LEVEL = "-Onone";
			};
			name = Debug;
		};
		D7B7120C2AF505E500424557 /* Release */ = {
			isa = XCBuildConfiguration;
			buildSettings = {
				ALWAYS_SEARCH_USER_PATHS = NO;
				CLANG_ANALYZER_NONNULL = YES;
				CLANG_ANALYZER_NUMBER_OBJECT_CONVERSION = YES_AGGRESSIVE;
				CLANG_CXX_LANGUAGE_STANDARD = "gnu++20";
				CLANG_ENABLE_MODULES = YES;
				CLANG_ENABLE_OBJC_ARC = YES;
				CLANG_ENABLE_OBJC_WEAK = YES;
				CLANG_WARN_BLOCK_CAPTURE_AUTORELEASING = YES;
				CLANG_WARN_BOOL_CONVERSION = YES;
				CLANG_WARN_COMMA = YES;
				CLANG_WARN_CONSTANT_CONVERSION = YES;
				CLANG_WARN_DEPRECATED_OBJC_IMPLEMENTATIONS = YES;
				CLANG_WARN_DIRECT_OBJC_ISA_USAGE = YES_ERROR;
				CLANG_WARN_DOCUMENTATION_COMMENTS = YES;
				CLANG_WARN_EMPTY_BODY = YES;
				CLANG_WARN_ENUM_CONVERSION = YES;
				CLANG_WARN_INFINITE_RECURSION = YES;
				CLANG_WARN_INT_CONVERSION = YES;
				CLANG_WARN_NON_LITERAL_NULL_CONVERSION = YES;
				CLANG_WARN_OBJC_IMPLICIT_RETAIN_SELF = YES;
				CLANG_WARN_OBJC_LITERAL_CONVERSION = YES;
				CLANG_WARN_OBJC_ROOT_CLASS = YES_ERROR;
				CLANG_WARN_QUOTED_INCLUDE_IN_FRAMEWORK_HEADER = YES;
				CLANG_WARN_RANGE_LOOP_ANALYSIS = YES;
				CLANG_WARN_STRICT_PROTOTYPES = YES;
				CLANG_WARN_SUSPICIOUS_MOVE = YES;
				CLANG_WARN_UNGUARDED_AVAILABILITY = YES_AGGRESSIVE;
				CLANG_WARN_UNREACHABLE_CODE = YES;
				CLANG_WARN__DUPLICATE_METHOD_MATCH = YES;
				COPY_PHASE_STRIP = NO;
				DEBUG_INFORMATION_FORMAT = "dwarf-with-dsym";
				ENABLE_NS_ASSERTIONS = NO;
				ENABLE_STRICT_OBJC_MSGSEND = YES;
				GCC_C_LANGUAGE_STANDARD = gnu11;
				GCC_NO_COMMON_BLOCKS = YES;
				GCC_WARN_64_TO_32_BIT_CONVERSION = YES;
				GCC_WARN_ABOUT_RETURN_TYPE = YES_ERROR;
				GCC_WARN_UNDECLARED_SELECTOR = YES;
				GCC_WARN_UNINITIALIZED_AUTOS = YES_AGGRESSIVE;
				GCC_WARN_UNUSED_FUNCTION = YES;
				GCC_WARN_UNUSED_VARIABLE = YES;
				IPHONEOS_DEPLOYMENT_TARGET = 16.2;
				MTL_ENABLE_DEBUG_INFO = NO;
				MTL_FAST_MATH = YES;
				SDKROOT = iphoneos;
				SWIFT_COMPILATION_MODE = wholemodule;
				SWIFT_OPTIMIZATION_LEVEL = "-O";
				VALIDATE_PRODUCT = YES;
			};
			name = Release;
		};
		D7B7120E2AF505E500424557 /* Debug */ = {
			isa = XCBuildConfiguration;
			baseConfigurationReference = 9682E0D6FC77C55789529C66 /* Pods-Remindify.debug.xcconfig */;
			buildSettings = {
				ASSETCATALOG_COMPILER_APPICON_NAME = AppIcon;
				ASSETCATALOG_COMPILER_GLOBAL_ACCENT_COLOR_NAME = AccentColor;
				CODE_SIGN_STYLE = Automatic;
				CURRENT_PROJECT_VERSION = 1;
				GENERATE_INFOPLIST_FILE = YES;
				INFOPLIST_FILE = Remindify/Info.plist;
				INFOPLIST_KEY_UIApplicationSupportsIndirectInputEvents = YES;
				INFOPLIST_KEY_UILaunchStoryboardName = LaunchScreen;
				INFOPLIST_KEY_UIMainStoryboardFile = Main;
				INFOPLIST_KEY_UISupportedInterfaceOrientations_iPad = "UIInterfaceOrientationPortrait UIInterfaceOrientationPortraitUpsideDown UIInterfaceOrientationLandscapeLeft UIInterfaceOrientationLandscapeRight";
				INFOPLIST_KEY_UISupportedInterfaceOrientations_iPhone = "UIInterfaceOrientationPortrait UIInterfaceOrientationLandscapeLeft UIInterfaceOrientationLandscapeRight";
				LD_RUNPATH_SEARCH_PATHS = (
					"$(inherited)",
					"@executable_path/Frameworks",
				);
				MARKETING_VERSION = 1.0;
				PRODUCT_BUNDLE_IDENTIFIER = com.iamfaatima.Remindify;
				PRODUCT_NAME = "$(TARGET_NAME)";
				SWIFT_EMIT_LOC_STRINGS = YES;
				SWIFT_VERSION = 5.0;
				TARGETED_DEVICE_FAMILY = "1,2";
			};
			name = Debug;
		};
		D7B7120F2AF505E500424557 /* Release */ = {
			isa = XCBuildConfiguration;
			baseConfigurationReference = 64CED0FED67C3C92370201E0 /* Pods-Remindify.release.xcconfig */;
			buildSettings = {
				ASSETCATALOG_COMPILER_APPICON_NAME = AppIcon;
				ASSETCATALOG_COMPILER_GLOBAL_ACCENT_COLOR_NAME = AccentColor;
				CODE_SIGN_STYLE = Automatic;
				CURRENT_PROJECT_VERSION = 1;
				GENERATE_INFOPLIST_FILE = YES;
				INFOPLIST_FILE = Remindify/Info.plist;
				INFOPLIST_KEY_UIApplicationSupportsIndirectInputEvents = YES;
				INFOPLIST_KEY_UILaunchStoryboardName = LaunchScreen;
				INFOPLIST_KEY_UIMainStoryboardFile = Main;
				INFOPLIST_KEY_UISupportedInterfaceOrientations_iPad = "UIInterfaceOrientationPortrait UIInterfaceOrientationPortraitUpsideDown UIInterfaceOrientationLandscapeLeft UIInterfaceOrientationLandscapeRight";
				INFOPLIST_KEY_UISupportedInterfaceOrientations_iPhone = "UIInterfaceOrientationPortrait UIInterfaceOrientationLandscapeLeft UIInterfaceOrientationLandscapeRight";
				LD_RUNPATH_SEARCH_PATHS = (
					"$(inherited)",
					"@executable_path/Frameworks",
				);
				MARKETING_VERSION = 1.0;
				PRODUCT_BUNDLE_IDENTIFIER = com.iamfaatima.Remindify;
				PRODUCT_NAME = "$(TARGET_NAME)";
				SWIFT_EMIT_LOC_STRINGS = YES;
				SWIFT_VERSION = 5.0;
				TARGETED_DEVICE_FAMILY = "1,2";
			};
			name = Release;
		};
/* End XCBuildConfiguration section */

/* Begin XCConfigurationList section */
		D7B711F42AF505E400424557 /* Build configuration list for PBXProject "Remindify" */ = {
			isa = XCConfigurationList;
			buildConfigurations = (
				D7B7120B2AF505E500424557 /* Debug */,
				D7B7120C2AF505E500424557 /* Release */,
			);
			defaultConfigurationIsVisible = 0;
			defaultConfigurationName = Release;
		};
		D7B7120D2AF505E500424557 /* Build configuration list for PBXNativeTarget "Remindify" */ = {
			isa = XCConfigurationList;
			buildConfigurations = (
				D7B7120E2AF505E500424557 /* Debug */,
				D7B7120F2AF505E500424557 /* Release */,
			);
			defaultConfigurationIsVisible = 0;
			defaultConfigurationName = Release;
		};
/* End XCConfigurationList section */
	};
	rootObject = D7B711F12AF505E400424557 /* Project object */;
}
