// !$*UTF8*$!
{
	archiveVersion = 1;
	classes = {
	};
	objectVersion = 56;
	objects = {

/* Begin PBXBuildFile section */
		27C00B6EA2D1A1648BB8A86C /* Pods_AlamofireJSON.framework in Frameworks */ = {isa = PBXBuildFile; fileRef = A2D275F4DD3530A463C2F888 /* Pods_AlamofireJSON.framework */; };
		D7BC88E32B1DCEBD005037C4 /* NetworkingClient.swift in Sources */ = {isa = PBXBuildFile; fileRef = D7BC88E22B1DCEBD005037C4 /* NetworkingClient.swift */; };
		D7F05ECD2B1DCCDE00061ECE /* AppDelegate.swift in Sources */ = {isa = PBXBuildFile; fileRef = D7F05ECC2B1DCCDE00061ECE /* AppDelegate.swift */; };
		D7F05ECF2B1DCCDE00061ECE /* SceneDelegate.swift in Sources */ = {isa = PBXBuildFile; fileRef = D7F05ECE2B1DCCDE00061ECE /* SceneDelegate.swift */; };
		D7F05ED12B1DCCDE00061ECE /* ViewController.swift in Sources */ = {isa = PBXBuildFile; fileRef = D7F05ED02B1DCCDE00061ECE /* ViewController.swift */; };
		D7F05ED42B1DCCDE00061ECE /* Main.storyboard in Resources */ = {isa = PBXBuildFile; fileRef = D7F05ED22B1DCCDE00061ECE /* Main.storyboard */; };
		D7F05ED62B1DCCE000061ECE /* Assets.xcassets in Resources */ = {isa = PBXBuildFile; fileRef = D7F05ED52B1DCCE000061ECE /* Assets.xcassets */; };
		D7F05ED92B1DCCE000061ECE /* LaunchScreen.storyboard in Resources */ = {isa = PBXBuildFile; fileRef = D7F05ED72B1DCCE000061ECE /* LaunchScreen.storyboard */; };
/* End PBXBuildFile section */

/* Begin PBXFileReference section */
		04ECD9D253ED95FBB05299A5 /* Pods-AlamofireJSON.debug.xcconfig */ = {isa = PBXFileReference; includeInIndex = 1; lastKnownFileType = text.xcconfig; name = "Pods-AlamofireJSON.debug.xcconfig"; path = "Target Support Files/Pods-AlamofireJSON/Pods-AlamofireJSON.debug.xcconfig"; sourceTree = "<group>"; };
		3607FE7071B7BCAACE1A1A8D /* Pods-AlamofireJSON.release.xcconfig */ = {isa = PBXFileReference; includeInIndex = 1; lastKnownFileType = text.xcconfig; name = "Pods-AlamofireJSON.release.xcconfig"; path = "Target Support Files/Pods-AlamofireJSON/Pods-AlamofireJSON.release.xcconfig"; sourceTree = "<group>"; };
		A2D275F4DD3530A463C2F888 /* Pods_AlamofireJSON.framework */ = {isa = PBXFileReference; explicitFileType = wrapper.framework; includeInIndex = 0; path = Pods_AlamofireJSON.framework; sourceTree = BUILT_PRODUCTS_DIR; };
		D7BC88E22B1DCEBD005037C4 /* NetworkingClient.swift */ = {isa = PBXFileReference; lastKnownFileType = sourcecode.swift; path = NetworkingClient.swift; sourceTree = "<group>"; };
		D7F05EC92B1DCCDE00061ECE /* AlamofireJSON.app */ = {isa = PBXFileReference; explicitFileType = wrapper.application; includeInIndex = 0; path = AlamofireJSON.app; sourceTree = BUILT_PRODUCTS_DIR; };
		D7F05ECC2B1DCCDE00061ECE /* AppDelegate.swift */ = {isa = PBXFileReference; lastKnownFileType = sourcecode.swift; path = AppDelegate.swift; sourceTree = "<group>"; };
		D7F05ECE2B1DCCDE00061ECE /* SceneDelegate.swift */ = {isa = PBXFileReference; lastKnownFileType = sourcecode.swift; path = SceneDelegate.swift; sourceTree = "<group>"; };
		D7F05ED02B1DCCDE00061ECE /* ViewController.swift */ = {isa = PBXFileReference; lastKnownFileType = sourcecode.swift; path = ViewController.swift; sourceTree = "<group>"; };
		D7F05ED32B1DCCDE00061ECE /* Base */ = {isa = PBXFileReference; lastKnownFileType = file.storyboard; name = Base; path = Base.lproj/Main.storyboard; sourceTree = "<group>"; };
		D7F05ED52B1DCCE000061ECE /* Assets.xcassets */ = {isa = PBXFileReference; lastKnownFileType = folder.assetcatalog; path = Assets.xcassets; sourceTree = "<group>"; };
		D7F05ED82B1DCCE000061ECE /* Base */ = {isa = PBXFileReference; lastKnownFileType = file.storyboard; name = Base; path = Base.lproj/LaunchScreen.storyboard; sourceTree = "<group>"; };
		D7F05EDA2B1DCCE000061ECE /* Info.plist */ = {isa = PBXFileReference; lastKnownFileType = text.plist.xml; path = Info.plist; sourceTree = "<group>"; };
/* End PBXFileReference section */

/* Begin PBXFrameworksBuildPhase section */
		D7F05EC62B1DCCDE00061ECE /* Frameworks */ = {
			isa = PBXFrameworksBuildPhase;
			buildActionMask = 2147483647;
			files = (
				27C00B6EA2D1A1648BB8A86C /* Pods_AlamofireJSON.framework in Frameworks */,
			);
			runOnlyForDeploymentPostprocessing = 0;
		};
/* End PBXFrameworksBuildPhase section */

/* Begin PBXGroup section */
		BE3DA3F5E1456A2CA30B66BB /* Frameworks */ = {
			isa = PBXGroup;
			children = (
				A2D275F4DD3530A463C2F888 /* Pods_AlamofireJSON.framework */,
			);
			name = Frameworks;
			sourceTree = "<group>";
		};
		D7F05EC02B1DCCDE00061ECE = {
			isa = PBXGroup;
			children = (
				D7F05ECB2B1DCCDE00061ECE /* AlamofireJSON */,
				D7F05ECA2B1DCCDE00061ECE /* Products */,
				EFA8A2EB4C3CDB6F1B7F2141 /* Pods */,
				BE3DA3F5E1456A2CA30B66BB /* Frameworks */,
			);
			sourceTree = "<group>";
		};
		D7F05ECA2B1DCCDE00061ECE /* Products */ = {
			isa = PBXGroup;
			children = (
				D7F05EC92B1DCCDE00061ECE /* AlamofireJSON.app */,
			);
			name = Products;
			sourceTree = "<group>";
		};
		D7F05ECB2B1DCCDE00061ECE /* AlamofireJSON */ = {
			isa = PBXGroup;
			children = (
				D7F05ECC2B1DCCDE00061ECE /* AppDelegate.swift */,
				D7F05ECE2B1DCCDE00061ECE /* SceneDelegate.swift */,
				D7F05ED02B1DCCDE00061ECE /* ViewController.swift */,
				D7F05ED22B1DCCDE00061ECE /* Main.storyboard */,
				D7F05ED52B1DCCE000061ECE /* Assets.xcassets */,
				D7F05ED72B1DCCE000061ECE /* LaunchScreen.storyboard */,
				D7F05EDA2B1DCCE000061ECE /* Info.plist */,
				D7BC88E22B1DCEBD005037C4 /* NetworkingClient.swift */,
			);
			path = AlamofireJSON;
			sourceTree = "<group>";
		};
		EFA8A2EB4C3CDB6F1B7F2141 /* Pods */ = {
			isa = PBXGroup;
			children = (
				04ECD9D253ED95FBB05299A5 /* Pods-AlamofireJSON.debug.xcconfig */,
				3607FE7071B7BCAACE1A1A8D /* Pods-AlamofireJSON.release.xcconfig */,
			);
			path = Pods;
			sourceTree = "<group>";
		};
/* End PBXGroup section */

/* Begin PBXNativeTarget section */
		D7F05EC82B1DCCDE00061ECE /* AlamofireJSON */ = {
			isa = PBXNativeTarget;
			buildConfigurationList = D7F05EDD2B1DCCE000061ECE /* Build configuration list for PBXNativeTarget "AlamofireJSON" */;
			buildPhases = (
				3F743E2A0B1B591BB4EE2A0E /* [CP] Check Pods Manifest.lock */,
				D7F05EC52B1DCCDE00061ECE /* Sources */,
				D7F05EC62B1DCCDE00061ECE /* Frameworks */,
				D7F05EC72B1DCCDE00061ECE /* Resources */,
				FFD0017AAC17958C108AF256 /* [CP] Embed Pods Frameworks */,
			);
			buildRules = (
			);
			dependencies = (
			);
			name = AlamofireJSON;
			productName = AlamofireJSON;
			productReference = D7F05EC92B1DCCDE00061ECE /* AlamofireJSON.app */;
			productType = "com.apple.product-type.application";
		};
/* End PBXNativeTarget section */

/* Begin PBXProject section */
		D7F05EC12B1DCCDE00061ECE /* Project object */ = {
			isa = PBXProject;
			attributes = {
				BuildIndependentTargetsInParallel = 1;
				LastSwiftUpdateCheck = 1420;
				LastUpgradeCheck = 1420;
				TargetAttributes = {
					D7F05EC82B1DCCDE00061ECE = {
						CreatedOnToolsVersion = 14.2;
					};
				};
			};
			buildConfigurationList = D7F05EC42B1DCCDE00061ECE /* Build configuration list for PBXProject "AlamofireJSON" */;
			compatibilityVersion = "Xcode 14.0";
			developmentRegion = en;
			hasScannedForEncodings = 0;
			knownRegions = (
				en,
				Base,
			);
			mainGroup = D7F05EC02B1DCCDE00061ECE;
			productRefGroup = D7F05ECA2B1DCCDE00061ECE /* Products */;
			projectDirPath = "";
			projectRoot = "";
			targets = (
				D7F05EC82B1DCCDE00061ECE /* AlamofireJSON */,
			);
		};
/* End PBXProject section */

/* Begin PBXResourcesBuildPhase section */
		D7F05EC72B1DCCDE00061ECE /* Resources */ = {
			isa = PBXResourcesBuildPhase;
			buildActionMask = 2147483647;
			files = (
				D7F05ED92B1DCCE000061ECE /* LaunchScreen.storyboard in Resources */,
				D7F05ED62B1DCCE000061ECE /* Assets.xcassets in Resources */,
				D7F05ED42B1DCCDE00061ECE /* Main.storyboard in Resources */,
			);
			runOnlyForDeploymentPostprocessing = 0;
		};
/* End PBXResourcesBuildPhase section */

/* Begin PBXShellScriptBuildPhase section */
		3F743E2A0B1B591BB4EE2A0E /* [CP] Check Pods Manifest.lock */ = {
			isa = PBXShellScriptBuildPhase;
			buildActionMask = 2147483647;
			files = (
			);
			inputFileListPaths = (
			);
			inputPaths = (
				"${PODS_PODFILE_DIR_PATH}/Podfile.lock",
				"${PODS_ROOT}/Manifest.lock",
			);
			name = "[CP] Check Pods Manifest.lock";
			outputFileListPaths = (
			);
			outputPaths = (
				"$(DERIVED_FILE_DIR)/Pods-AlamofireJSON-checkManifestLockResult.txt",
			);
			runOnlyForDeploymentPostprocessing = 0;
			shellPath = /bin/sh;
			shellScript = "diff \"${PODS_PODFILE_DIR_PATH}/Podfile.lock\" \"${PODS_ROOT}/Manifest.lock\" > /dev/null\nif [ $? != 0 ] ; then\n    # print error to STDERR\n    echo \"error: The sandbox is not in sync with the Podfile.lock. Run 'pod install' or update your CocoaPods installation.\" >&2\n    exit 1\nfi\n# This output is used by Xcode 'outputs' to avoid re-running this script phase.\necho \"SUCCESS\" > \"${SCRIPT_OUTPUT_FILE_0}\"\n";
			showEnvVarsInLog = 0;
		};
		FFD0017AAC17958C108AF256 /* [CP] Embed Pods Frameworks */ = {
			isa = PBXShellScriptBuildPhase;
			buildActionMask = 2147483647;
			files = (
			);
			inputFileListPaths = (
				"${PODS_ROOT}/Target Support Files/Pods-AlamofireJSON/Pods-AlamofireJSON-frameworks-${CONFIGURATION}-input-files.xcfilelist",
			);
			name = "[CP] Embed Pods Frameworks";
			outputFileListPaths = (
				"${PODS_ROOT}/Target Support Files/Pods-AlamofireJSON/Pods-AlamofireJSON-frameworks-${CONFIGURATION}-output-files.xcfilelist",
			);
			runOnlyForDeploymentPostprocessing = 0;
			shellPath = /bin/sh;
			shellScript = "\"${PODS_ROOT}/Target Support Files/Pods-AlamofireJSON/Pods-AlamofireJSON-frameworks.sh\"\n";
			showEnvVarsInLog = 0;
		};
/* End PBXShellScriptBuildPhase section */

/* Begin PBXSourcesBuildPhase section */
		D7F05EC52B1DCCDE00061ECE /* Sources */ = {
			isa = PBXSourcesBuildPhase;
			buildActionMask = 2147483647;
			files = (
				D7BC88E32B1DCEBD005037C4 /* NetworkingClient.swift in Sources */,
				D7F05ED12B1DCCDE00061ECE /* ViewController.swift in Sources */,
				D7F05ECD2B1DCCDE00061ECE /* AppDelegate.swift in Sources */,
				D7F05ECF2B1DCCDE00061ECE /* SceneDelegate.swift in Sources */,
			);
			runOnlyForDeploymentPostprocessing = 0;
		};
/* End PBXSourcesBuildPhase section */

/* Begin PBXVariantGroup section */
		D7F05ED22B1DCCDE00061ECE /* Main.storyboard */ = {
			isa = PBXVariantGroup;
			children = (
				D7F05ED32B1DCCDE00061ECE /* Base */,
			);
			name = Main.storyboard;
			sourceTree = "<group>";
		};
		D7F05ED72B1DCCE000061ECE /* LaunchScreen.storyboard */ = {
			isa = PBXVariantGroup;
			children = (
				D7F05ED82B1DCCE000061ECE /* Base */,
			);
			name = LaunchScreen.storyboard;
			sourceTree = "<group>";
		};
/* End PBXVariantGroup section */

/* Begin XCBuildConfiguration section */
		D7F05EDB2B1DCCE000061ECE /* Debug */ = {
			isa = XCBuildConfiguration;
			buildSettings = {
				ALWAYS_SEARCH_USER_PATHS = NO;
				CLANG_ANALYZER_NONNULL = YES;
				CLANG_ANALYZER_NUMBER_OBJECT_CONVERSION = YES_AGGRESSIVE;
				CLANG_CXX_LANGUAGE_STANDARD = "gnu++20";
				CLANG_ENABLE_MODULES = YES;
				CLANG_ENABLE_OBJC_ARC = YES;
				CLANG_ENABLE_OBJC_WEAK = YES;
				CLANG_WARN_BLOCK_CAPTURE_AUTORELEASING = YES;
				CLANG_WARN_BOOL_CONVERSION = YES;
				CLANG_WARN_COMMA = YES;
				CLANG_WARN_CONSTANT_CONVERSION = YES;
				CLANG_WARN_DEPRECATED_OBJC_IMPLEMENTATIONS = YES;
				CLANG_WARN_DIRECT_OBJC_ISA_USAGE = YES_ERROR;
				CLANG_WARN_DOCUMENTATION_COMMENTS = YES;
				CLANG_WARN_EMPTY_BODY = YES;
				CLANG_WARN_ENUM_CONVERSION = YES;
				CLANG_WARN_INFINITE_RECURSION = YES;
				CLANG_WARN_INT_CONVERSION = YES;
				CLANG_WARN_NON_LITERAL_NULL_CONVERSION = YES;
				CLANG_WARN_OBJC_IMPLICIT_RETAIN_SELF = YES;
				CLANG_WARN_OBJC_LITERAL_CONVERSION = YES;
				CLANG_WARN_OBJC_ROOT_CLASS = YES_ERROR;
				CLANG_WARN_QUOTED_INCLUDE_IN_FRAMEWORK_HEADER = YES;
				CLANG_WARN_RANGE_LOOP_ANALYSIS = YES;
				CLANG_WARN_STRICT_PROTOTYPES = YES;
				CLANG_WARN_SUSPICIOUS_MOVE = YES;
				CLANG_WARN_UNGUARDED_AVAILABILITY = YES_AGGRESSIVE;
				CLANG_WARN_UNREACHABLE_CODE = YES;
				CLANG_WARN__DUPLICATE_METHOD_MATCH = YES;
				COPY_PHASE_STRIP = NO;
				DEBUG_INFORMATION_FORMAT = dwarf;
				ENABLE_STRICT_OBJC_MSGSEND = YES;
				ENABLE_TESTABILITY = YES;
				GCC_C_LANGUAGE_STANDARD = gnu11;
				GCC_DYNAMIC_NO_PIC = NO;
				GCC_NO_COMMON_BLOCKS = YES;
				GCC_OPTIMIZATION_LEVEL = 0;
				GCC_PREPROCESSOR_DEFINITIONS = (
					"DEBUG=1",
					"$(inherited)",
				);
				GCC_WARN_64_TO_32_BIT_CONVERSION = YES;
				GCC_WARN_ABOUT_RETURN_TYPE = YES_ERROR;
				GCC_WARN_UNDECLARED_SELECTOR = YES;
				GCC_WARN_UNINITIALIZED_AUTOS = YES_AGGRESSIVE;
				GCC_WARN_UNUSED_FUNCTION = YES;
				GCC_WARN_UNUSED_VARIABLE = YES;
				IPHONEOS_DEPLOYMENT_TARGET = 16.2;
				MTL_ENABLE_DEBUG_INFO = INCLUDE_SOURCE;
				MTL_FAST_MATH = YES;
				ONLY_ACTIVE_ARCH = YES;
				SDKROOT = iphoneos;
				SWIFT_ACTIVE_COMPILATION_CONDITIONS = DEBUG;
				SWIFT_OPTIMIZATION_LEVEL = "-Onone";
			};
			name = Debug;
		};
		D7F05EDC2B1DCCE000061ECE /* Release */ = {
			isa = XCBuildConfiguration;
			buildSettings = {
				ALWAYS_SEARCH_USER_PATHS = NO;
				CLANG_ANALYZER_NONNULL = YES;
				CLANG_ANALYZER_NUMBER_OBJECT_CONVERSION = YES_AGGRESSIVE;
				CLANG_CXX_LANGUAGE_STANDARD = "gnu++20";
				CLANG_ENABLE_MODULES = YES;
				CLANG_ENABLE_OBJC_ARC = YES;
				CLANG_ENABLE_OBJC_WEAK = YES;
				CLANG_WARN_BLOCK_CAPTURE_AUTORELEASING = YES;
				CLANG_WARN_BOOL_CONVERSION = YES;
				CLANG_WARN_COMMA = YES;
				CLANG_WARN_CONSTANT_CONVERSION = YES;
				CLANG_WARN_DEPRECATED_OBJC_IMPLEMENTATIONS = YES;
				CLANG_WARN_DIRECT_OBJC_ISA_USAGE = YES_ERROR;
				CLANG_WARN_DOCUMENTATION_COMMENTS = YES;
				CLANG_WARN_EMPTY_BODY = YES;
				CLANG_WARN_ENUM_CONVERSION = YES;
				CLANG_WARN_INFINITE_RECURSION = YES;
				CLANG_WARN_INT_CONVERSION = YES;
				CLANG_WARN_NON_LITERAL_NULL_CONVERSION = YES;
				CLANG_WARN_OBJC_IMPLICIT_RETAIN_SELF = YES;
				CLANG_WARN_OBJC_LITERAL_CONVERSION = YES;
				CLANG_WARN_OBJC_ROOT_CLASS = YES_ERROR;
				CLANG_WARN_QUOTED_INCLUDE_IN_FRAMEWORK_HEADER = YES;
				CLANG_WARN_RANGE_LOOP_ANALYSIS = YES;
				CLANG_WARN_STRICT_PROTOTYPES = YES;
				CLANG_WARN_SUSPICIOUS_MOVE = YES;
				CLANG_WARN_UNGUARDED_AVAILABILITY = YES_AGGRESSIVE;
				CLANG_WARN_UNREACHABLE_CODE = YES;
				CLANG_WARN__DUPLICATE_METHOD_MATCH = YES;
				COPY_PHASE_STRIP = NO;
				DEBUG_INFORMATION_FORMAT = "dwarf-with-dsym";
				ENABLE_NS_ASSERTIONS = NO;
				ENABLE_STRICT_OBJC_MSGSEND = YES;
				GCC_C_LANGUAGE_STANDARD = gnu11;
				GCC_NO_COMMON_BLOCKS = YES;
				GCC_WARN_64_TO_32_BIT_CONVERSION = YES;
				GCC_WARN_ABOUT_RETURN_TYPE = YES_ERROR;
				GCC_WARN_UNDECLARED_SELECTOR = YES;
				GCC_WARN_UNINITIALIZED_AUTOS = YES_AGGRESSIVE;
				GCC_WARN_UNUSED_FUNCTION = YES;
				GCC_WARN_UNUSED_VARIABLE = YES;
				IPHONEOS_DEPLOYMENT_TARGET = 16.2;
				MTL_ENABLE_DEBUG_INFO = NO;
				MTL_FAST_MATH = YES;
				SDKROOT = iphoneos;
				SWIFT_COMPILATION_MODE = wholemodule;
				SWIFT_OPTIMIZATION_LEVEL = "-O";
				VALIDATE_PRODUCT = YES;
			};
			name = Release;
		};
		D7F05EDE2B1DCCE000061ECE /* Debug */ = {
			isa = XCBuildConfiguration;
			baseConfigurationReference = 04ECD9D253ED95FBB05299A5 /* Pods-AlamofireJSON.debug.xcconfig */;
			buildSettings = {
				ASSETCATALOG_COMPILER_APPICON_NAME = AppIcon;
				ASSETCATALOG_COMPILER_GLOBAL_ACCENT_COLOR_NAME = AccentColor;
				CODE_SIGN_STYLE = Automatic;
				CURRENT_PROJECT_VERSION = 1;
				GENERATE_INFOPLIST_FILE = YES;
				INFOPLIST_FILE = AlamofireJSON/Info.plist;
				INFOPLIST_KEY_UIApplicationSupportsIndirectInputEvents = YES;
				INFOPLIST_KEY_UILaunchStoryboardName = LaunchScreen;
				INFOPLIST_KEY_UIMainStoryboardFile = Main;
				INFOPLIST_KEY_UISupportedInterfaceOrientations_iPad = "UIInterfaceOrientationPortrait UIInterfaceOrientationPortraitUpsideDown UIInterfaceOrientationLandscapeLeft UIInterfaceOrientationLandscapeRight";
				INFOPLIST_KEY_UISupportedInterfaceOrientations_iPhone = "UIInterfaceOrientationPortrait UIInterfaceOrientationLandscapeLeft UIInterfaceOrientationLandscapeRight";
				LD_RUNPATH_SEARCH_PATHS = (
					"$(inherited)",
					"@executable_path/Frameworks",
				);
				MARKETING_VERSION = 1.0;
				PRODUCT_BUNDLE_IDENTIFIER = com.fatima.AlamofireJSON;
				PRODUCT_NAME = "$(TARGET_NAME)";
				SWIFT_EMIT_LOC_STRINGS = YES;
				SWIFT_VERSION = 5.0;
				TARGETED_DEVICE_FAMILY = "1,2";
			};
			name = Debug;
		};
		D7F05EDF2B1DCCE000061ECE /* Release */ = {
			isa = XCBuildConfiguration;
			baseConfigurationReference = 3607FE7071B7BCAACE1A1A8D /* Pods-AlamofireJSON.release.xcconfig */;
			buildSettings = {
				ASSETCATALOG_COMPILER_APPICON_NAME = AppIcon;
				ASSETCATALOG_COMPILER_GLOBAL_ACCENT_COLOR_NAME = AccentColor;
				CODE_SIGN_STYLE = Automatic;
				CURRENT_PROJECT_VERSION = 1;
				GENERATE_INFOPLIST_FILE = YES;
				INFOPLIST_FILE = AlamofireJSON/Info.plist;
				INFOPLIST_KEY_UIApplicationSupportsIndirectInputEvents = YES;
				INFOPLIST_KEY_UILaunchStoryboardName = LaunchScreen;
				INFOPLIST_KEY_UIMainStoryboardFile = Main;
				INFOPLIST_KEY_UISupportedInterfaceOrientations_iPad = "UIInterfaceOrientationPortrait UIInterfaceOrientationPortraitUpsideDown UIInterfaceOrientationLandscapeLeft UIInterfaceOrientationLandscapeRight";
				INFOPLIST_KEY_UISupportedInterfaceOrientations_iPhone = "UIInterfaceOrientationPortrait UIInterfaceOrientationLandscapeLeft UIInterfaceOrientationLandscapeRight";
				LD_RUNPATH_SEARCH_PATHS = (
					"$(inherited)",
					"@executable_path/Frameworks",
				);
				MARKETING_VERSION = 1.0;
				PRODUCT_BUNDLE_IDENTIFIER = com.fatima.AlamofireJSON;
				PRODUCT_NAME = "$(TARGET_NAME)";
				SWIFT_EMIT_LOC_STRINGS = YES;
				SWIFT_VERSION = 5.0;
				TARGETED_DEVICE_FAMILY = "1,2";
			};
			name = Release;
		};
/* End XCBuildConfiguration section */

/* Begin XCConfigurationList section */
		D7F05EC42B1DCCDE00061ECE /* Build configuration list for PBXProject "AlamofireJSON" */ = {
			isa = XCConfigurationList;
			buildConfigurations = (
				D7F05EDB2B1DCCE000061ECE /* Debug */,
				D7F05EDC2B1DCCE000061ECE /* Release */,
			);
			defaultConfigurationIsVisible = 0;
			defaultConfigurationName = Release;
		};
		D7F05EDD2B1DCCE000061ECE /* Build configuration list for PBXNativeTarget "AlamofireJSON" */ = {
			isa = XCConfigurationList;
			buildConfigurations = (
				D7F05EDE2B1DCCE000061ECE /* Debug */,
				D7F05EDF2B1DCCE000061ECE /* Release */,
			);
			defaultConfigurationIsVisible = 0;
			defaultConfigurationName = Release;
		};
/* End XCConfigurationList section */
	};
	rootObject = D7F05EC12B1DCCDE00061ECE /* Project object */;
}
