// !$*UTF8*$!
{
	archiveVersion = 1;
	classes = {
	};
	objectVersion = 56;
	objects = {

/* Begin PBXBuildFile section */
		D71C26832ADFF31A00D7FE38 /* NavOneViewController.swift in Sources */ = {isa = PBXBuildFile; fileRef = D71C26822ADFF31A00D7FE38 /* NavOneViewController.swift */; };
		D71C26852ADFF32700D7FE38 /* NavTwoViewController.swift in Sources */ = {isa = PBXBuildFile; fileRef = D71C26842ADFF32700D7FE38 /* NavTwoViewController.swift */; };
		D76E60E02ADEDD290033FE8C /* AppDelegate.swift in Sources */ = {isa = PBXBuildFile; fileRef = D76E60DF2ADEDD290033FE8C /* AppDelegate.swift */; };
		D76E60E22ADEDD290033FE8C /* SceneDelegate.swift in Sources */ = {isa = PBXBuildFile; fileRef = D76E60E12ADEDD290033FE8C /* SceneDelegate.swift */; };
		D76E60E42ADEDD290033FE8C /* ViewController.swift in Sources */ = {isa = PBXBuildFile; fileRef = D76E60E32ADEDD290033FE8C /* ViewController.swift */; };
		D76E60E72ADEDD290033FE8C /* Main.storyboard in Resources */ = {isa = PBXBuildFile; fileRef = D76E60E52ADEDD290033FE8C /* Main.storyboard */; };
		D76E60E92ADEDD2A0033FE8C /* Assets.xcassets in Resources */ = {isa = PBXBuildFile; fileRef = D76E60E82ADEDD2A0033FE8C /* Assets.xcassets */; };
		D76E60EC2ADEDD2A0033FE8C /* LaunchScreen.storyboard in Resources */ = {isa = PBXBuildFile; fileRef = D76E60EA2ADEDD2A0033FE8C /* LaunchScreen.storyboard */; };
		D76E60F42ADEDE900033FE8C /* BlueViewController.swift in Sources */ = {isa = PBXBuildFile; fileRef = D76E60F32ADEDE900033FE8C /* BlueViewController.swift */; };
		D76E60F62ADEDEAD0033FE8C /* PinkViewController.swift in Sources */ = {isa = PBXBuildFile; fileRef = D76E60F52ADEDEAD0033FE8C /* PinkViewController.swift */; };
/* End PBXBuildFile section */

/* Begin PBXFileReference section */
		D71C26822ADFF31A00D7FE38 /* NavOneViewController.swift */ = {isa = PBXFileReference; lastKnownFileType = sourcecode.swift; path = NavOneViewController.swift; sourceTree = "<group>"; };
		D71C26842ADFF32700D7FE38 /* NavTwoViewController.swift */ = {isa = PBXFileReference; lastKnownFileType = sourcecode.swift; path = NavTwoViewController.swift; sourceTree = "<group>"; };
		D76E60DC2ADEDD290033FE8C /* NavigationControllerPractice.app */ = {isa = PBXFileReference; explicitFileType = wrapper.application; includeInIndex = 0; path = NavigationControllerPractice.app; sourceTree = BUILT_PRODUCTS_DIR; };
		D76E60DF2ADEDD290033FE8C /* AppDelegate.swift */ = {isa = PBXFileReference; lastKnownFileType = sourcecode.swift; path = AppDelegate.swift; sourceTree = "<group>"; };
		D76E60E12ADEDD290033FE8C /* SceneDelegate.swift */ = {isa = PBXFileReference; lastKnownFileType = sourcecode.swift; path = SceneDelegate.swift; sourceTree = "<group>"; };
		D76E60E32ADEDD290033FE8C /* ViewController.swift */ = {isa = PBXFileReference; lastKnownFileType = sourcecode.swift; path = ViewController.swift; sourceTree = "<group>"; };
		D76E60E62ADEDD290033FE8C /* Base */ = {isa = PBXFileReference; lastKnownFileType = file.storyboard; name = Base; path = Base.lproj/Main.storyboard; sourceTree = "<group>"; };
		D76E60E82ADEDD2A0033FE8C /* Assets.xcassets */ = {isa = PBXFileReference; lastKnownFileType = folder.assetcatalog; path = Assets.xcassets; sourceTree = "<group>"; };
		D76E60EB2ADEDD2A0033FE8C /* Base */ = {isa = PBXFileReference; lastKnownFileType = file.storyboard; name = Base; path = Base.lproj/LaunchScreen.storyboard; sourceTree = "<group>"; };
		D76E60ED2ADEDD2A0033FE8C /* Info.plist */ = {isa = PBXFileReference; lastKnownFileType = text.plist.xml; path = Info.plist; sourceTree = "<group>"; };
		D76E60F32ADEDE900033FE8C /* BlueViewController.swift */ = {isa = PBXFileReference; lastKnownFileType = sourcecode.swift; path = BlueViewController.swift; sourceTree = "<group>"; };
		D76E60F52ADEDEAD0033FE8C /* PinkViewController.swift */ = {isa = PBXFileReference; lastKnownFileType = sourcecode.swift; path = PinkViewController.swift; sourceTree = "<group>"; };
/* End PBXFileReference section */

/* Begin PBXFrameworksBuildPhase section */
		D76E60D92ADEDD290033FE8C /* Frameworks */ = {
			isa = PBXFrameworksBuildPhase;
			buildActionMask = 2147483647;
			files = (
			);
			runOnlyForDeploymentPostprocessing = 0;
		};
/* End PBXFrameworksBuildPhase section */

/* Begin PBXGroup section */
		D76E60D32ADEDD290033FE8C = {
			isa = PBXGroup;
			children = (
				D76E60DE2ADEDD290033FE8C /* NavigationControllerPractice */,
				D76E60DD2ADEDD290033FE8C /* Products */,
			);
			sourceTree = "<group>";
		};
		D76E60DD2ADEDD290033FE8C /* Products */ = {
			isa = PBXGroup;
			children = (
				D76E60DC2ADEDD290033FE8C /* NavigationControllerPractice.app */,
			);
			name = Products;
			sourceTree = "<group>";
		};
		D76E60DE2ADEDD290033FE8C /* NavigationControllerPractice */ = {
			isa = PBXGroup;
			children = (
				D76E60DF2ADEDD290033FE8C /* AppDelegate.swift */,
				D76E60E12ADEDD290033FE8C /* SceneDelegate.swift */,
				D76E60E32ADEDD290033FE8C /* ViewController.swift */,
				D76E60E52ADEDD290033FE8C /* Main.storyboard */,
				D71C26822ADFF31A00D7FE38 /* NavOneViewController.swift */,
				D71C26842ADFF32700D7FE38 /* NavTwoViewController.swift */,
				D76E60F32ADEDE900033FE8C /* BlueViewController.swift */,
				D76E60F52ADEDEAD0033FE8C /* PinkViewController.swift */,
				D76E60E82ADEDD2A0033FE8C /* Assets.xcassets */,
				D76E60EA2ADEDD2A0033FE8C /* LaunchScreen.storyboard */,
				D76E60ED2ADEDD2A0033FE8C /* Info.plist */,
			);
			path = NavigationControllerPractice;
			sourceTree = "<group>";
		};
/* End PBXGroup section */

/* Begin PBXNativeTarget section */
		D76E60DB2ADEDD290033FE8C /* NavigationControllerPractice */ = {
			isa = PBXNativeTarget;
			buildConfigurationList = D76E60F02ADEDD2A0033FE8C /* Build configuration list for PBXNativeTarget "NavigationControllerPractice" */;
			buildPhases = (
				D76E60D82ADEDD290033FE8C /* Sources */,
				D76E60D92ADEDD290033FE8C /* Frameworks */,
				D76E60DA2ADEDD290033FE8C /* Resources */,
			);
			buildRules = (
			);
			dependencies = (
			);
			name = NavigationControllerPractice;
			productName = NavigationControllerPractice;
			productReference = D76E60DC2ADEDD290033FE8C /* NavigationControllerPractice.app */;
			productType = "com.apple.product-type.application";
		};
/* End PBXNativeTarget section */

/* Begin PBXProject section */
		D76E60D42ADEDD290033FE8C /* Project object */ = {
			isa = PBXProject;
			attributes = {
				BuildIndependentTargetsInParallel = 1;
				LastSwiftUpdateCheck = 1420;
				LastUpgradeCheck = 1420;
				TargetAttributes = {
					D76E60DB2ADEDD290033FE8C = {
						CreatedOnToolsVersion = 14.2;
					};
				};
			};
			buildConfigurationList = D76E60D72ADEDD290033FE8C /* Build configuration list for PBXProject "NavigationControllerPractice" */;
			compatibilityVersion = "Xcode 14.0";
			developmentRegion = en;
			hasScannedForEncodings = 0;
			knownRegions = (
				en,
				Base,
			);
			mainGroup = D76E60D32ADEDD290033FE8C;
			productRefGroup = D76E60DD2ADEDD290033FE8C /* Products */;
			projectDirPath = "";
			projectRoot = "";
			targets = (
				D76E60DB2ADEDD290033FE8C /* NavigationControllerPractice */,
			);
		};
/* End PBXProject section */

/* Begin PBXResourcesBuildPhase section */
		D76E60DA2ADEDD290033FE8C /* Resources */ = {
			isa = PBXResourcesBuildPhase;
			buildActionMask = 2147483647;
			files = (
				D76E60EC2ADEDD2A0033FE8C /* LaunchScreen.storyboard in Resources */,
				D76E60E92ADEDD2A0033FE8C /* Assets.xcassets in Resources */,
				D76E60E72ADEDD290033FE8C /* Main.storyboard in Resources */,
			);
			runOnlyForDeploymentPostprocessing = 0;
		};
/* End PBXResourcesBuildPhase section */

/* Begin PBXSourcesBuildPhase section */
		D76E60D82ADEDD290033FE8C /* Sources */ = {
			isa = PBXSourcesBuildPhase;
			buildActionMask = 2147483647;
			files = (
				D71C26852ADFF32700D7FE38 /* NavTwoViewController.swift in Sources */,
				D76E60E42ADEDD290033FE8C /* ViewController.swift in Sources */,
				D76E60E02ADEDD290033FE8C /* AppDelegate.swift in Sources */,
				D76E60F42ADEDE900033FE8C /* BlueViewController.swift in Sources */,
				D76E60E22ADEDD290033FE8C /* SceneDelegate.swift in Sources */,
				D76E60F62ADEDEAD0033FE8C /* PinkViewController.swift in Sources */,
				D71C26832ADFF31A00D7FE38 /* NavOneViewController.swift in Sources */,
			);
			runOnlyForDeploymentPostprocessing = 0;
		};
/* End PBXSourcesBuildPhase section */

/* Begin PBXVariantGroup section */
		D76E60E52ADEDD290033FE8C /* Main.storyboard */ = {
			isa = PBXVariantGroup;
			children = (
				D76E60E62ADEDD290033FE8C /* Base */,
			);
			name = Main.storyboard;
			sourceTree = "<group>";
		};
		D76E60EA2ADEDD2A0033FE8C /* LaunchScreen.storyboard */ = {
			isa = PBXVariantGroup;
			children = (
				D76E60EB2ADEDD2A0033FE8C /* Base */,
			);
			name = LaunchScreen.storyboard;
			sourceTree = "<group>";
		};
/* End PBXVariantGroup section */

/* Begin XCBuildConfiguration section */
		D76E60EE2ADEDD2A0033FE8C /* Debug */ = {
			isa = XCBuildConfiguration;
			buildSettings = {
				ALWAYS_SEARCH_USER_PATHS = NO;
				CLANG_ANALYZER_NONNULL = YES;
				CLANG_ANALYZER_NUMBER_OBJECT_CONVERSION = YES_AGGRESSIVE;
				CLANG_CXX_LANGUAGE_STANDARD = "gnu++20";
				CLANG_ENABLE_MODULES = YES;
				CLANG_ENABLE_OBJC_ARC = YES;
				CLANG_ENABLE_OBJC_WEAK = YES;
				CLANG_WARN_BLOCK_CAPTURE_AUTORELEASING = YES;
				CLANG_WARN_BOOL_CONVERSION = YES;
				CLANG_WARN_COMMA = YES;
				CLANG_WARN_CONSTANT_CONVERSION = YES;
				CLANG_WARN_DEPRECATED_OBJC_IMPLEMENTATIONS = YES;
				CLANG_WARN_DIRECT_OBJC_ISA_USAGE = YES_ERROR;
				CLANG_WARN_DOCUMENTATION_COMMENTS = YES;
				CLANG_WARN_EMPTY_BODY = YES;
				CLANG_WARN_ENUM_CONVERSION = YES;
				CLANG_WARN_INFINITE_RECURSION = YES;
				CLANG_WARN_INT_CONVERSION = YES;
				CLANG_WARN_NON_LITERAL_NULL_CONVERSION = YES;
				CLANG_WARN_OBJC_IMPLICIT_RETAIN_SELF = YES;
				CLANG_WARN_OBJC_LITERAL_CONVERSION = YES;
				CLANG_WARN_OBJC_ROOT_CLASS = YES_ERROR;
				CLANG_WARN_QUOTED_INCLUDE_IN_FRAMEWORK_HEADER = YES;
				CLANG_WARN_RANGE_LOOP_ANALYSIS = YES;
				CLANG_WARN_STRICT_PROTOTYPES = YES;
				CLANG_WARN_SUSPICIOUS_MOVE = YES;
				CLANG_WARN_UNGUARDED_AVAILABILITY = YES_AGGRESSIVE;
				CLANG_WARN_UNREACHABLE_CODE = YES;
				CLANG_WARN__DUPLICATE_METHOD_MATCH = YES;
				COPY_PHASE_STRIP = NO;
				DEBUG_INFORMATION_FORMAT = dwarf;
				ENABLE_STRICT_OBJC_MSGSEND = YES;
				ENABLE_TESTABILITY = YES;
				GCC_C_LANGUAGE_STANDARD = gnu11;
				GCC_DYNAMIC_NO_PIC = NO;
				GCC_NO_COMMON_BLOCKS = YES;
				GCC_OPTIMIZATION_LEVEL = 0;
				GCC_PREPROCESSOR_DEFINITIONS = (
					"DEBUG=1",
					"$(inherited)",
				);
				GCC_WARN_64_TO_32_BIT_CONVERSION = YES;
				GCC_WARN_ABOUT_RETURN_TYPE = YES_ERROR;
				GCC_WARN_UNDECLARED_SELECTOR = YES;
				GCC_WARN_UNINITIALIZED_AUTOS = YES_AGGRESSIVE;
				GCC_WARN_UNUSED_FUNCTION = YES;
				GCC_WARN_UNUSED_VARIABLE = YES;
				IPHONEOS_DEPLOYMENT_TARGET = 16.2;
				MTL_ENABLE_DEBUG_INFO = INCLUDE_SOURCE;
				MTL_FAST_MATH = YES;
				ONLY_ACTIVE_ARCH = YES;
				SDKROOT = iphoneos;
				SWIFT_ACTIVE_COMPILATION_CONDITIONS = DEBUG;
				SWIFT_OPTIMIZATION_LEVEL = "-Onone";
			};
			name = Debug;
		};
		D76E60EF2ADEDD2A0033FE8C /* Release */ = {
			isa = XCBuildConfiguration;
			buildSettings = {
				ALWAYS_SEARCH_USER_PATHS = NO;
				CLANG_ANALYZER_NONNULL = YES;
				CLANG_ANALYZER_NUMBER_OBJECT_CONVERSION = YES_AGGRESSIVE;
				CLANG_CXX_LANGUAGE_STANDARD = "gnu++20";
				CLANG_ENABLE_MODULES = YES;
				CLANG_ENABLE_OBJC_ARC = YES;
				CLANG_ENABLE_OBJC_WEAK = YES;
				CLANG_WARN_BLOCK_CAPTURE_AUTORELEASING = YES;
				CLANG_WARN_BOOL_CONVERSION = YES;
				CLANG_WARN_COMMA = YES;
				CLANG_WARN_CONSTANT_CONVERSION = YES;
				CLANG_WARN_DEPRECATED_OBJC_IMPLEMENTATIONS = YES;
				CLANG_WARN_DIRECT_OBJC_ISA_USAGE = YES_ERROR;
				CLANG_WARN_DOCUMENTATION_COMMENTS = YES;
				CLANG_WARN_EMPTY_BODY = YES;
				CLANG_WARN_ENUM_CONVERSION = YES;
				CLANG_WARN_INFINITE_RECURSION = YES;
				CLANG_WARN_INT_CONVERSION = YES;
				CLANG_WARN_NON_LITERAL_NULL_CONVERSION = YES;
				CLANG_WARN_OBJC_IMPLICIT_RETAIN_SELF = YES;
				CLANG_WARN_OBJC_LITERAL_CONVERSION = YES;
				CLANG_WARN_OBJC_ROOT_CLASS = YES_ERROR;
				CLANG_WARN_QUOTED_INCLUDE_IN_FRAMEWORK_HEADER = YES;
				CLANG_WARN_RANGE_LOOP_ANALYSIS = YES;
				CLANG_WARN_STRICT_PROTOTYPES = YES;
				CLANG_WARN_SUSPICIOUS_MOVE = YES;
				CLANG_WARN_UNGUARDED_AVAILABILITY = YES_AGGRESSIVE;
				CLANG_WARN_UNREACHABLE_CODE = YES;
				CLANG_WARN__DUPLICATE_METHOD_MATCH = YES;
				COPY_PHASE_STRIP = NO;
				DEBUG_INFORMATION_FORMAT = "dwarf-with-dsym";
				ENABLE_NS_ASSERTIONS = NO;
				ENABLE_STRICT_OBJC_MSGSEND = YES;
				GCC_C_LANGUAGE_STANDARD = gnu11;
				GCC_NO_COMMON_BLOCKS = YES;
				GCC_WARN_64_TO_32_BIT_CONVERSION = YES;
				GCC_WARN_ABOUT_RETURN_TYPE = YES_ERROR;
				GCC_WARN_UNDECLARED_SELECTOR = YES;
				GCC_WARN_UNINITIALIZED_AUTOS = YES_AGGRESSIVE;
				GCC_WARN_UNUSED_FUNCTION = YES;
				GCC_WARN_UNUSED_VARIABLE = YES;
				IPHONEOS_DEPLOYMENT_TARGET = 16.2;
				MTL_ENABLE_DEBUG_INFO = NO;
				MTL_FAST_MATH = YES;
				SDKROOT = iphoneos;
				SWIFT_COMPILATION_MODE = wholemodule;
				SWIFT_OPTIMIZATION_LEVEL = "-O";
				VALIDATE_PRODUCT = YES;
			};
			name = Release;
		};
		D76E60F12ADEDD2A0033FE8C /* Debug */ = {
			isa = XCBuildConfiguration;
			buildSettings = {
				ASSETCATALOG_COMPILER_APPICON_NAME = AppIcon;
				ASSETCATALOG_COMPILER_GLOBAL_ACCENT_COLOR_NAME = AccentColor;
				CODE_SIGN_STYLE = Automatic;
				CURRENT_PROJECT_VERSION = 1;
				GENERATE_INFOPLIST_FILE = YES;
				INFOPLIST_FILE = NavigationControllerPractice/Info.plist;
				INFOPLIST_KEY_UIApplicationSupportsIndirectInputEvents = YES;
				INFOPLIST_KEY_UILaunchStoryboardName = LaunchScreen;
				INFOPLIST_KEY_UIMainStoryboardFile = Main;
				INFOPLIST_KEY_UISupportedInterfaceOrientations_iPad = "UIInterfaceOrientationPortrait UIInterfaceOrientationPortraitUpsideDown UIInterfaceOrientationLandscapeLeft UIInterfaceOrientationLandscapeRight";
				INFOPLIST_KEY_UISupportedInterfaceOrientations_iPhone = "UIInterfaceOrientationPortrait UIInterfaceOrientationLandscapeLeft UIInterfaceOrientationLandscapeRight";
				LD_RUNPATH_SEARCH_PATHS = (
					"$(inherited)",
					"@executable_path/Frameworks",
				);
				MARKETING_VERSION = 1.0;
				PRODUCT_BUNDLE_IDENTIFIER = com.fatima.NavigationControllerPractice;
				PRODUCT_NAME = "$(TARGET_NAME)";
				SWIFT_EMIT_LOC_STRINGS = YES;
				SWIFT_VERSION = 5.0;
				TARGETED_DEVICE_FAMILY = "1,2";
			};
			name = Debug;
		};
		D76E60F22ADEDD2A0033FE8C /* Release */ = {
			isa = XCBuildConfiguration;
			buildSettings = {
				ASSETCATALOG_COMPILER_APPICON_NAME = AppIcon;
				ASSETCATALOG_COMPILER_GLOBAL_ACCENT_COLOR_NAME = AccentColor;
				CODE_SIGN_STYLE = Automatic;
				CURRENT_PROJECT_VERSION = 1;
				GENERATE_INFOPLIST_FILE = YES;
				INFOPLIST_FILE = NavigationControllerPractice/Info.plist;
				INFOPLIST_KEY_UIApplicationSupportsIndirectInputEvents = YES;
				INFOPLIST_KEY_UILaunchStoryboardName = LaunchScreen;
				INFOPLIST_KEY_UIMainStoryboardFile = Main;
				INFOPLIST_KEY_UISupportedInterfaceOrientations_iPad = "UIInterfaceOrientationPortrait UIInterfaceOrientationPortraitUpsideDown UIInterfaceOrientationLandscapeLeft UIInterfaceOrientationLandscapeRight";
				INFOPLIST_KEY_UISupportedInterfaceOrientations_iPhone = "UIInterfaceOrientationPortrait UIInterfaceOrientationLandscapeLeft UIInterfaceOrientationLandscapeRight";
				LD_RUNPATH_SEARCH_PATHS = (
					"$(inherited)",
					"@executable_path/Frameworks",
				);
				MARKETING_VERSION = 1.0;
				PRODUCT_BUNDLE_IDENTIFIER = com.fatima.NavigationControllerPractice;
				PRODUCT_NAME = "$(TARGET_NAME)";
				SWIFT_EMIT_LOC_STRINGS = YES;
				SWIFT_VERSION = 5.0;
				TARGETED_DEVICE_FAMILY = "1,2";
			};
			name = Release;
		};
/* End XCBuildConfiguration section */

/* Begin XCConfigurationList section */
		D76E60D72ADEDD290033FE8C /* Build configuration list for PBXProject "NavigationControllerPractice" */ = {
			isa = XCConfigurationList;
			buildConfigurations = (
				D76E60EE2ADEDD2A0033FE8C /* Debug */,
				D76E60EF2ADEDD2A0033FE8C /* Release */,
			);
			defaultConfigurationIsVisible = 0;
			defaultConfigurationName = Release;
		};
		D76E60F02ADEDD2A0033FE8C /* Build configuration list for PBXNativeTarget "NavigationControllerPractice" */ = {
			isa = XCConfigurationList;
			buildConfigurations = (
				D76E60F12ADEDD2A0033FE8C /* Debug */,
				D76E60F22ADEDD2A0033FE8C /* Release */,
			);
			defaultConfigurationIsVisible = 0;
			defaultConfigurationName = Release;
		};
/* End XCConfigurationList section */
	};
	rootObject = D76E60D42ADEDD290033FE8C /* Project object */;
}
