// !$*UTF8*$!
{
	archiveVersion = 1;
	classes = {
	};
	objectVersion = 56;
	objects = {

/* Begin PBXBuildFile section */
		58994D3FD5596F4E40CC87B5 /* Pods_ConcurrencyProject.framework in Frameworks */ = {isa = PBXBuildFile; fileRef = 038BDEDEF8C4C89B1E8E8C67 /* Pods_ConcurrencyProject.framework */; };
		D72DF2D32B1F13910039CE20 /* AppDelegate.swift in Sources */ = {isa = PBXBuildFile; fileRef = D72DF2D22B1F13910039CE20 /* AppDelegate.swift */; };
		D72DF2D52B1F13910039CE20 /* SceneDelegate.swift in Sources */ = {isa = PBXBuildFile; fileRef = D72DF2D42B1F13910039CE20 /* SceneDelegate.swift */; };
		D72DF2D72B1F13910039CE20 /* ViewController.swift in Sources */ = {isa = PBXBuildFile; fileRef = D72DF2D62B1F13910039CE20 /* ViewController.swift */; };
		D72DF2DA2B1F13910039CE20 /* Main.storyboard in Resources */ = {isa = PBXBuildFile; fileRef = D72DF2D82B1F13910039CE20 /* Main.storyboard */; };
		D72DF2DC2B1F13920039CE20 /* Assets.xcassets in Resources */ = {isa = PBXBuildFile; fileRef = D72DF2DB2B1F13920039CE20 /* Assets.xcassets */; };
		D72DF2DF2B1F13920039CE20 /* LaunchScreen.storyboard in Resources */ = {isa = PBXBuildFile; fileRef = D72DF2DD2B1F13920039CE20 /* LaunchScreen.storyboard */; };
/* End PBXBuildFile section */

/* Begin PBXFileReference section */
		038BDEDEF8C4C89B1E8E8C67 /* Pods_ConcurrencyProject.framework */ = {isa = PBXFileReference; explicitFileType = wrapper.framework; includeInIndex = 0; path = Pods_ConcurrencyProject.framework; sourceTree = BUILT_PRODUCTS_DIR; };
		447CA707FCE36F1A66283A50 /* Pods-ConcurrencyProject.debug.xcconfig */ = {isa = PBXFileReference; includeInIndex = 1; lastKnownFileType = text.xcconfig; name = "Pods-ConcurrencyProject.debug.xcconfig"; path = "Target Support Files/Pods-ConcurrencyProject/Pods-ConcurrencyProject.debug.xcconfig"; sourceTree = "<group>"; };
		D72DF2CF2B1F13910039CE20 /* ConcurrencyProject.app */ = {isa = PBXFileReference; explicitFileType = wrapper.application; includeInIndex = 0; path = ConcurrencyProject.app; sourceTree = BUILT_PRODUCTS_DIR; };
		D72DF2D22B1F13910039CE20 /* AppDelegate.swift */ = {isa = PBXFileReference; lastKnownFileType = sourcecode.swift; path = AppDelegate.swift; sourceTree = "<group>"; };
		D72DF2D42B1F13910039CE20 /* SceneDelegate.swift */ = {isa = PBXFileReference; lastKnownFileType = sourcecode.swift; path = SceneDelegate.swift; sourceTree = "<group>"; };
		D72DF2D62B1F13910039CE20 /* ViewController.swift */ = {isa = PBXFileReference; lastKnownFileType = sourcecode.swift; path = ViewController.swift; sourceTree = "<group>"; };
		D72DF2D92B1F13910039CE20 /* Base */ = {isa = PBXFileReference; lastKnownFileType = file.storyboard; name = Base; path = Base.lproj/Main.storyboard; sourceTree = "<group>"; };
		D72DF2DB2B1F13920039CE20 /* Assets.xcassets */ = {isa = PBXFileReference; lastKnownFileType = folder.assetcatalog; path = Assets.xcassets; sourceTree = "<group>"; };
		D72DF2DE2B1F13920039CE20 /* Base */ = {isa = PBXFileReference; lastKnownFileType = file.storyboard; name = Base; path = Base.lproj/LaunchScreen.storyboard; sourceTree = "<group>"; };
		D72DF2E02B1F13920039CE20 /* Info.plist */ = {isa = PBXFileReference; lastKnownFileType = text.plist.xml; path = Info.plist; sourceTree = "<group>"; };
		ED3853A08E4DB3D4FF85FEC5 /* Pods-ConcurrencyProject.release.xcconfig */ = {isa = PBXFileReference; includeInIndex = 1; lastKnownFileType = text.xcconfig; name = "Pods-ConcurrencyProject.release.xcconfig"; path = "Target Support Files/Pods-ConcurrencyProject/Pods-ConcurrencyProject.release.xcconfig"; sourceTree = "<group>"; };
/* End PBXFileReference section */

/* Begin PBXFrameworksBuildPhase section */
		D72DF2CC2B1F13910039CE20 /* Frameworks */ = {
			isa = PBXFrameworksBuildPhase;
			buildActionMask = 2147483647;
			files = (
				58994D3FD5596F4E40CC87B5 /* Pods_ConcurrencyProject.framework in Frameworks */,
			);
			runOnlyForDeploymentPostprocessing = 0;
		};
/* End PBXFrameworksBuildPhase section */

/* Begin PBXGroup section */
		2CB0BDFA312C8C1B6C8CD155 /* Pods */ = {
			isa = PBXGroup;
			children = (
				447CA707FCE36F1A66283A50 /* Pods-ConcurrencyProject.debug.xcconfig */,
				ED3853A08E4DB3D4FF85FEC5 /* Pods-ConcurrencyProject.release.xcconfig */,
			);
			name = Pods;
			path = Pods;
			sourceTree = "<group>";
		};
		628E646FFA3BBE6A92256E61 /* Frameworks */ = {
			isa = PBXGroup;
			children = (
				038BDEDEF8C4C89B1E8E8C67 /* Pods_ConcurrencyProject.framework */,
			);
			name = Frameworks;
			sourceTree = "<group>";
		};
		D72DF2C62B1F13900039CE20 = {
			isa = PBXGroup;
			children = (
				D72DF2D12B1F13910039CE20 /* ConcurrencyProject */,
				D72DF2D02B1F13910039CE20 /* Products */,
				2CB0BDFA312C8C1B6C8CD155 /* Pods */,
				628E646FFA3BBE6A92256E61 /* Frameworks */,
			);
			sourceTree = "<group>";
		};
		D72DF2D02B1F13910039CE20 /* Products */ = {
			isa = PBXGroup;
			children = (
				D72DF2CF2B1F13910039CE20 /* ConcurrencyProject.app */,
			);
			name = Products;
			sourceTree = "<group>";
		};
		D72DF2D12B1F13910039CE20 /* ConcurrencyProject */ = {
			isa = PBXGroup;
			children = (
				D72DF2D22B1F13910039CE20 /* AppDelegate.swift */,
				D72DF2D42B1F13910039CE20 /* SceneDelegate.swift */,
				D72DF2D62B1F13910039CE20 /* ViewController.swift */,
				D72DF2D82B1F13910039CE20 /* Main.storyboard */,
				D72DF2DB2B1F13920039CE20 /* Assets.xcassets */,
				D72DF2DD2B1F13920039CE20 /* LaunchScreen.storyboard */,
				D72DF2E02B1F13920039CE20 /* Info.plist */,
			);
			path = ConcurrencyProject;
			sourceTree = "<group>";
		};
/* End PBXGroup section */

/* Begin PBXNativeTarget section */
		D72DF2CE2B1F13910039CE20 /* ConcurrencyProject */ = {
			isa = PBXNativeTarget;
			buildConfigurationList = D72DF2E32B1F13920039CE20 /* Build configuration list for PBXNativeTarget "ConcurrencyProject" */;
			buildPhases = (
				606AE9F6E9879E87A85EB3C9 /* [CP] Check Pods Manifest.lock */,
				D72DF2CB2B1F13910039CE20 /* Sources */,
				D72DF2CC2B1F13910039CE20 /* Frameworks */,
				D72DF2CD2B1F13910039CE20 /* Resources */,
				D55FF457B132095FADF59647 /* [CP] Embed Pods Frameworks */,
			);
			buildRules = (
			);
			dependencies = (
			);
			name = ConcurrencyProject;
			productName = ConcurrencyProject;
			productReference = D72DF2CF2B1F13910039CE20 /* ConcurrencyProject.app */;
			productType = "com.apple.product-type.application";
		};
/* End PBXNativeTarget section */

/* Begin PBXProject section */
		D72DF2C72B1F13910039CE20 /* Project object */ = {
			isa = PBXProject;
			attributes = {
				BuildIndependentTargetsInParallel = 1;
				LastSwiftUpdateCheck = 1420;
				LastUpgradeCheck = 1420;
				TargetAttributes = {
					D72DF2CE2B1F13910039CE20 = {
						CreatedOnToolsVersion = 14.2;
					};
				};
			};
			buildConfigurationList = D72DF2CA2B1F13910039CE20 /* Build configuration list for PBXProject "ConcurrencyProject" */;
			compatibilityVersion = "Xcode 14.0";
			developmentRegion = en;
			hasScannedForEncodings = 0;
			knownRegions = (
				en,
				Base,
			);
			mainGroup = D72DF2C62B1F13900039CE20;
			productRefGroup = D72DF2D02B1F13910039CE20 /* Products */;
			projectDirPath = "";
			projectRoot = "";
			targets = (
				D72DF2CE2B1F13910039CE20 /* ConcurrencyProject */,
			);
		};
/* End PBXProject section */

/* Begin PBXResourcesBuildPhase section */
		D72DF2CD2B1F13910039CE20 /* Resources */ = {
			isa = PBXResourcesBuildPhase;
			buildActionMask = 2147483647;
			files = (
				D72DF2DF2B1F13920039CE20 /* LaunchScreen.storyboard in Resources */,
				D72DF2DC2B1F13920039CE20 /* Assets.xcassets in Resources */,
				D72DF2DA2B1F13910039CE20 /* Main.storyboard in Resources */,
			);
			runOnlyForDeploymentPostprocessing = 0;
		};
/* End PBXResourcesBuildPhase section */

/* Begin PBXShellScriptBuildPhase section */
		606AE9F6E9879E87A85EB3C9 /* [CP] Check Pods Manifest.lock */ = {
			isa = PBXShellScriptBuildPhase;
			buildActionMask = 2147483647;
			files = (
			);
			inputFileListPaths = (
			);
			inputPaths = (
				"${PODS_PODFILE_DIR_PATH}/Podfile.lock",
				"${PODS_ROOT}/Manifest.lock",
			);
			name = "[CP] Check Pods Manifest.lock";
			outputFileListPaths = (
			);
			outputPaths = (
				"$(DERIVED_FILE_DIR)/Pods-ConcurrencyProject-checkManifestLockResult.txt",
			);
			runOnlyForDeploymentPostprocessing = 0;
			shellPath = /bin/sh;
			shellScript = "diff \"${PODS_PODFILE_DIR_PATH}/Podfile.lock\" \"${PODS_ROOT}/Manifest.lock\" > /dev/null\nif [ $? != 0 ] ; then\n    # print error to STDERR\n    echo \"error: The sandbox is not in sync with the Podfile.lock. Run 'pod install' or update your CocoaPods installation.\" >&2\n    exit 1\nfi\n# This output is used by Xcode 'outputs' to avoid re-running this script phase.\necho \"SUCCESS\" > \"${SCRIPT_OUTPUT_FILE_0}\"\n";
			showEnvVarsInLog = 0;
		};
		D55FF457B132095FADF59647 /* [CP] Embed Pods Frameworks */ = {
			isa = PBXShellScriptBuildPhase;
			buildActionMask = 2147483647;
			files = (
			);
			inputFileListPaths = (
				"${PODS_ROOT}/Target Support Files/Pods-ConcurrencyProject/Pods-ConcurrencyProject-frameworks-${CONFIGURATION}-input-files.xcfilelist",
			);
			name = "[CP] Embed Pods Frameworks";
			outputFileListPaths = (
				"${PODS_ROOT}/Target Support Files/Pods-ConcurrencyProject/Pods-ConcurrencyProject-frameworks-${CONFIGURATION}-output-files.xcfilelist",
			);
			runOnlyForDeploymentPostprocessing = 0;
			shellPath = /bin/sh;
			shellScript = "\"${PODS_ROOT}/Target Support Files/Pods-ConcurrencyProject/Pods-ConcurrencyProject-frameworks.sh\"\n";
			showEnvVarsInLog = 0;
		};
/* End PBXShellScriptBuildPhase section */

/* Begin PBXSourcesBuildPhase section */
		D72DF2CB2B1F13910039CE20 /* Sources */ = {
			isa = PBXSourcesBuildPhase;
			buildActionMask = 2147483647;
			files = (
				D72DF2D72B1F13910039CE20 /* ViewController.swift in Sources */,
				D72DF2D32B1F13910039CE20 /* AppDelegate.swift in Sources */,
				D72DF2D52B1F13910039CE20 /* SceneDelegate.swift in Sources */,
			);
			runOnlyForDeploymentPostprocessing = 0;
		};
/* End PBXSourcesBuildPhase section */

/* Begin PBXVariantGroup section */
		D72DF2D82B1F13910039CE20 /* Main.storyboard */ = {
			isa = PBXVariantGroup;
			children = (
				D72DF2D92B1F13910039CE20 /* Base */,
			);
			name = Main.storyboard;
			sourceTree = "<group>";
		};
		D72DF2DD2B1F13920039CE20 /* LaunchScreen.storyboard */ = {
			isa = PBXVariantGroup;
			children = (
				D72DF2DE2B1F13920039CE20 /* Base */,
			);
			name = LaunchScreen.storyboard;
			sourceTree = "<group>";
		};
/* End PBXVariantGroup section */

/* Begin XCBuildConfiguration section */
		D72DF2E12B1F13920039CE20 /* Debug */ = {
			isa = XCBuildConfiguration;
			buildSettings = {
				ALWAYS_SEARCH_USER_PATHS = NO;
				CLANG_ANALYZER_NONNULL = YES;
				CLANG_ANALYZER_NUMBER_OBJECT_CONVERSION = YES_AGGRESSIVE;
				CLANG_CXX_LANGUAGE_STANDARD = "gnu++20";
				CLANG_ENABLE_MODULES = YES;
				CLANG_ENABLE_OBJC_ARC = YES;
				CLANG_ENABLE_OBJC_WEAK = YES;
				CLANG_WARN_BLOCK_CAPTURE_AUTORELEASING = YES;
				CLANG_WARN_BOOL_CONVERSION = YES;
				CLANG_WARN_COMMA = YES;
				CLANG_WARN_CONSTANT_CONVERSION = YES;
				CLANG_WARN_DEPRECATED_OBJC_IMPLEMENTATIONS = YES;
				CLANG_WARN_DIRECT_OBJC_ISA_USAGE = YES_ERROR;
				CLANG_WARN_DOCUMENTATION_COMMENTS = YES;
				CLANG_WARN_EMPTY_BODY = YES;
				CLANG_WARN_ENUM_CONVERSION = YES;
				CLANG_WARN_INFINITE_RECURSION = YES;
				CLANG_WARN_INT_CONVERSION = YES;
				CLANG_WARN_NON_LITERAL_NULL_CONVERSION = YES;
				CLANG_WARN_OBJC_IMPLICIT_RETAIN_SELF = YES;
				CLANG_WARN_OBJC_LITERAL_CONVERSION = YES;
				CLANG_WARN_OBJC_ROOT_CLASS = YES_ERROR;
				CLANG_WARN_QUOTED_INCLUDE_IN_FRAMEWORK_HEADER = YES;
				CLANG_WARN_RANGE_LOOP_ANALYSIS = YES;
				CLANG_WARN_STRICT_PROTOTYPES = YES;
				CLANG_WARN_SUSPICIOUS_MOVE = YES;
				CLANG_WARN_UNGUARDED_AVAILABILITY = YES_AGGRESSIVE;
				CLANG_WARN_UNREACHABLE_CODE = YES;
				CLANG_WARN__DUPLICATE_METHOD_MATCH = YES;
				COPY_PHASE_STRIP = NO;
				DEBUG_INFORMATION_FORMAT = dwarf;
				ENABLE_STRICT_OBJC_MSGSEND = YES;
				ENABLE_TESTABILITY = YES;
				GCC_C_LANGUAGE_STANDARD = gnu11;
				GCC_DYNAMIC_NO_PIC = NO;
				GCC_NO_COMMON_BLOCKS = YES;
				GCC_OPTIMIZATION_LEVEL = 0;
				GCC_PREPROCESSOR_DEFINITIONS = (
					"DEBUG=1",
					"$(inherited)",
				);
				GCC_WARN_64_TO_32_BIT_CONVERSION = YES;
				GCC_WARN_ABOUT_RETURN_TYPE = YES_ERROR;
				GCC_WARN_UNDECLARED_SELECTOR = YES;
				GCC_WARN_UNINITIALIZED_AUTOS = YES_AGGRESSIVE;
				GCC_WARN_UNUSED_FUNCTION = YES;
				GCC_WARN_UNUSED_VARIABLE = YES;
				IPHONEOS_DEPLOYMENT_TARGET = 16.2;
				MTL_ENABLE_DEBUG_INFO = INCLUDE_SOURCE;
				MTL_FAST_MATH = YES;
				ONLY_ACTIVE_ARCH = YES;
				SDKROOT = iphoneos;
				SWIFT_ACTIVE_COMPILATION_CONDITIONS = DEBUG;
				SWIFT_OPTIMIZATION_LEVEL = "-Onone";
			};
			name = Debug;
		};
		D72DF2E22B1F13920039CE20 /* Release */ = {
			isa = XCBuildConfiguration;
			buildSettings = {
				ALWAYS_SEARCH_USER_PATHS = NO;
				CLANG_ANALYZER_NONNULL = YES;
				CLANG_ANALYZER_NUMBER_OBJECT_CONVERSION = YES_AGGRESSIVE;
				CLANG_CXX_LANGUAGE_STANDARD = "gnu++20";
				CLANG_ENABLE_MODULES = YES;
				CLANG_ENABLE_OBJC_ARC = YES;
				CLANG_ENABLE_OBJC_WEAK = YES;
				CLANG_WARN_BLOCK_CAPTURE_AUTORELEASING = YES;
				CLANG_WARN_BOOL_CONVERSION = YES;
				CLANG_WARN_COMMA = YES;
				CLANG_WARN_CONSTANT_CONVERSION = YES;
				CLANG_WARN_DEPRECATED_OBJC_IMPLEMENTATIONS = YES;
				CLANG_WARN_DIRECT_OBJC_ISA_USAGE = YES_ERROR;
				CLANG_WARN_DOCUMENTATION_COMMENTS = YES;
				CLANG_WARN_EMPTY_BODY = YES;
				CLANG_WARN_ENUM_CONVERSION = YES;
				CLANG_WARN_INFINITE_RECURSION = YES;
				CLANG_WARN_INT_CONVERSION = YES;
				CLANG_WARN_NON_LITERAL_NULL_CONVERSION = YES;
				CLANG_WARN_OBJC_IMPLICIT_RETAIN_SELF = YES;
				CLANG_WARN_OBJC_LITERAL_CONVERSION = YES;
				CLANG_WARN_OBJC_ROOT_CLASS = YES_ERROR;
				CLANG_WARN_QUOTED_INCLUDE_IN_FRAMEWORK_HEADER = YES;
				CLANG_WARN_RANGE_LOOP_ANALYSIS = YES;
				CLANG_WARN_STRICT_PROTOTYPES = YES;
				CLANG_WARN_SUSPICIOUS_MOVE = YES;
				CLANG_WARN_UNGUARDED_AVAILABILITY = YES_AGGRESSIVE;
				CLANG_WARN_UNREACHABLE_CODE = YES;
				CLANG_WARN__DUPLICATE_METHOD_MATCH = YES;
				COPY_PHASE_STRIP = NO;
				DEBUG_INFORMATION_FORMAT = "dwarf-with-dsym";
				ENABLE_NS_ASSERTIONS = NO;
				ENABLE_STRICT_OBJC_MSGSEND = YES;
				GCC_C_LANGUAGE_STANDARD = gnu11;
				GCC_NO_COMMON_BLOCKS = YES;
				GCC_WARN_64_TO_32_BIT_CONVERSION = YES;
				GCC_WARN_ABOUT_RETURN_TYPE = YES_ERROR;
				GCC_WARN_UNDECLARED_SELECTOR = YES;
				GCC_WARN_UNINITIALIZED_AUTOS = YES_AGGRESSIVE;
				GCC_WARN_UNUSED_FUNCTION = YES;
				GCC_WARN_UNUSED_VARIABLE = YES;
				IPHONEOS_DEPLOYMENT_TARGET = 16.2;
				MTL_ENABLE_DEBUG_INFO = NO;
				MTL_FAST_MATH = YES;
				SDKROOT = iphoneos;
				SWIFT_COMPILATION_MODE = wholemodule;
				SWIFT_OPTIMIZATION_LEVEL = "-O";
				VALIDATE_PRODUCT = YES;
			};
			name = Release;
		};
		D72DF2E42B1F13920039CE20 /* Debug */ = {
			isa = XCBuildConfiguration;
			baseConfigurationReference = 447CA707FCE36F1A66283A50 /* Pods-ConcurrencyProject.debug.xcconfig */;
			buildSettings = {
				ASSETCATALOG_COMPILER_APPICON_NAME = AppIcon;
				ASSETCATALOG_COMPILER_GLOBAL_ACCENT_COLOR_NAME = AccentColor;
				CODE_SIGN_STYLE = Automatic;
				CURRENT_PROJECT_VERSION = 1;
				GENERATE_INFOPLIST_FILE = YES;
				INFOPLIST_FILE = ConcurrencyProject/Info.plist;
				INFOPLIST_KEY_UIApplicationSupportsIndirectInputEvents = YES;
				INFOPLIST_KEY_UILaunchStoryboardName = LaunchScreen;
				INFOPLIST_KEY_UIMainStoryboardFile = Main;
				INFOPLIST_KEY_UISupportedInterfaceOrientations_iPad = "UIInterfaceOrientationPortrait UIInterfaceOrientationPortraitUpsideDown UIInterfaceOrientationLandscapeLeft UIInterfaceOrientationLandscapeRight";
				INFOPLIST_KEY_UISupportedInterfaceOrientations_iPhone = "UIInterfaceOrientationPortrait UIInterfaceOrientationLandscapeLeft UIInterfaceOrientationLandscapeRight";
				LD_RUNPATH_SEARCH_PATHS = (
					"$(inherited)",
					"@executable_path/Frameworks",
				);
				MARKETING_VERSION = 1.0;
				PRODUCT_BUNDLE_IDENTIFIER = com.fatima.ConcurrencyProject;
				PRODUCT_NAME = "$(TARGET_NAME)";
				SWIFT_EMIT_LOC_STRINGS = YES;
				SWIFT_VERSION = 5.0;
				TARGETED_DEVICE_FAMILY = "1,2";
			};
			name = Debug;
		};
		D72DF2E52B1F13920039CE20 /* Release */ = {
			isa = XCBuildConfiguration;
			baseConfigurationReference = ED3853A08E4DB3D4FF85FEC5 /* Pods-ConcurrencyProject.release.xcconfig */;
			buildSettings = {
				ASSETCATALOG_COMPILER_APPICON_NAME = AppIcon;
				ASSETCATALOG_COMPILER_GLOBAL_ACCENT_COLOR_NAME = AccentColor;
				CODE_SIGN_STYLE = Automatic;
				CURRENT_PROJECT_VERSION = 1;
				GENERATE_INFOPLIST_FILE = YES;
				INFOPLIST_FILE = ConcurrencyProject/Info.plist;
				INFOPLIST_KEY_UIApplicationSupportsIndirectInputEvents = YES;
				INFOPLIST_KEY_UILaunchStoryboardName = LaunchScreen;
				INFOPLIST_KEY_UIMainStoryboardFile = Main;
				INFOPLIST_KEY_UISupportedInterfaceOrientations_iPad = "UIInterfaceOrientationPortrait UIInterfaceOrientationPortraitUpsideDown UIInterfaceOrientationLandscapeLeft UIInterfaceOrientationLandscapeRight";
				INFOPLIST_KEY_UISupportedInterfaceOrientations_iPhone = "UIInterfaceOrientationPortrait UIInterfaceOrientationLandscapeLeft UIInterfaceOrientationLandscapeRight";
				LD_RUNPATH_SEARCH_PATHS = (
					"$(inherited)",
					"@executable_path/Frameworks",
				);
				MARKETING_VERSION = 1.0;
				PRODUCT_BUNDLE_IDENTIFIER = com.fatima.ConcurrencyProject;
				PRODUCT_NAME = "$(TARGET_NAME)";
				SWIFT_EMIT_LOC_STRINGS = YES;
				SWIFT_VERSION = 5.0;
				TARGETED_DEVICE_FAMILY = "1,2";
			};
			name = Release;
		};
/* End XCBuildConfiguration section */

/* Begin XCConfigurationList section */
		D72DF2CA2B1F13910039CE20 /* Build configuration list for PBXProject "ConcurrencyProject" */ = {
			isa = XCConfigurationList;
			buildConfigurations = (
				D72DF2E12B1F13920039CE20 /* Debug */,
				D72DF2E22B1F13920039CE20 /* Release */,
			);
			defaultConfigurationIsVisible = 0;
			defaultConfigurationName = Release;
		};
		D72DF2E32B1F13920039CE20 /* Build configuration list for PBXNativeTarget "ConcurrencyProject" */ = {
			isa = XCConfigurationList;
			buildConfigurations = (
				D72DF2E42B1F13920039CE20 /* Debug */,
				D72DF2E52B1F13920039CE20 /* Release */,
			);
			defaultConfigurationIsVisible = 0;
			defaultConfigurationName = Release;
		};
/* End XCConfigurationList section */
	};
	rootObject = D72DF2C72B1F13910039CE20 /* Project object */;
}
